// !$*UTF8*$!
{
	archiveVersion = 1;
	classes = {
	};
	objectVersion = 56;
	objects = {

/* Begin PBXBuildFile section */
		7C07982A2993F25C004E8EC8 /* CGImage.cpp in Sources */ = {isa = PBXBuildFile; fileRef = 7C0798282993F25C004E8EC8 /* CGImage.cpp */; };
		7C20BD5229A4F08300646CD7 /* glew.c in Sources */ = {isa = PBXBuildFile; fileRef = 7CB7F4C429A3D45F00A20694 /* glew.c */; };
		7C20BD5829A67D6000646CD7 /* main.cpp in Sources */ = {isa = PBXBuildFile; fileRef = 7CEB969329941288007483C0 /* main.cpp */; };
		7C82D57529AEC01E005079B8 /* Assets.xcassets in Resources */ = {isa = PBXBuildFile; fileRef = 7C82D57429AEC01E005079B8 /* Assets.xcassets */; };
		7C82D57829AEC01E005079B8 /* LaunchScreen.storyboard in Resources */ = {isa = PBXBuildFile; fileRef = 7C82D57629AEC01E005079B8 /* LaunchScreen.storyboard */; };
		7C82D5AC29AEC28A005079B8 /* renderer_OpenGL_2.c in Sources */ = {isa = PBXBuildFile; fileRef = 7CB7F4D429A3D45F00A20694 /* renderer_OpenGL_2.c */; };
		7C82D5AD29AEC28A005079B8 /* renderer_OpenGL_3.c in Sources */ = {isa = PBXBuildFile; fileRef = 7CB7F4B729A3D45F00A20694 /* renderer_OpenGL_3.c */; };
		7C82D5AE29AEC28B005079B8 /* renderer_GLES_2.c in Sources */ = {isa = PBXBuildFile; fileRef = 7CB7F4CF29A3D45F00A20694 /* renderer_GLES_2.c */; };
		7C82D5AF29AEC28B005079B8 /* SDL_gpu_matrix.c in Sources */ = {isa = PBXBuildFile; fileRef = 7CB7F4B929A3D45F00A20694 /* SDL_gpu_matrix.c */; };
		7C82D5B029AEC28B005079B8 /* glew.c in Sources */ = {isa = PBXBuildFile; fileRef = 7CB7F4C429A3D45F00A20694 /* glew.c */; };
		7C82D5B129AEC28B005079B8 /* renderer_OpenGL_1.c in Sources */ = {isa = PBXBuildFile; fileRef = 7CB7F4D129A3D45F00A20694 /* renderer_OpenGL_1.c */; };
		7C82D5B229AEC28B005079B8 /* stb_image_write.c in Sources */ = {isa = PBXBuildFile; fileRef = 7CB7F4C229A3D45F00A20694 /* stb_image_write.c */; };
		7C82D5B329AEC28B005079B8 /* SDL_gpu.c in Sources */ = {isa = PBXBuildFile; fileRef = 7CB7F4B829A3D45F00A20694 /* SDL_gpu.c */; };
		7C82D5B429AEC28B005079B8 /* renderer_GLES_3.c in Sources */ = {isa = PBXBuildFile; fileRef = 7CB7F4CC29A3D45F00A20694 /* renderer_GLES_3.c */; };
		7C82D5B529AEC28B005079B8 /* renderer_GLES_1.c in Sources */ = {isa = PBXBuildFile; fileRef = 7CB7F4D329A3D45F00A20694 /* renderer_GLES_1.c */; };
		7C82D5B629AEC28B005079B8 /* SDL_gpu_renderer.c in Sources */ = {isa = PBXBuildFile; fileRef = 7CB7F4BA29A3D45F00A20694 /* SDL_gpu_renderer.c */; };
		7C82D5B729AEC28B005079B8 /* stb_image.c in Sources */ = {isa = PBXBuildFile; fileRef = 7CB7F4CA29A3D45F00A20694 /* stb_image.c */; };
		7C82D5B829AEC28B005079B8 /* renderer_OpenGL_1_BASE.c in Sources */ = {isa = PBXBuildFile; fileRef = 7CB7F4B429A3D45F00A20694 /* renderer_OpenGL_1_BASE.c */; };
		7C82D5B929AEC28B005079B8 /* renderer_OpenGL_4.c in Sources */ = {isa = PBXBuildFile; fileRef = 7CB7F4CD29A3D45F00A20694 /* renderer_OpenGL_4.c */; };
		7C82D5BA29AEC28B005079B8 /* SDL_gpu_shapes.c in Sources */ = {isa = PBXBuildFile; fileRef = 7CB7F4D029A3D45F00A20694 /* SDL_gpu_shapes.c */; };
		7C82D5BB29AEC422005079B8 /* ContentsGravityTransformation.cpp in Sources */ = {isa = PBXBuildFile; fileRef = 7CD13F1929AB6DD900D0FFF5 /* ContentsGravityTransformation.cpp */; };
		7C82D5BC29AEC422005079B8 /* NXTransform3D.cpp in Sources */ = {isa = PBXBuildFile; fileRef = 7CB7F55929A3F1B500A20694 /* NXTransform3D.cpp */; };
		7C82D5BD29AEC422005079B8 /* CGImage.cpp in Sources */ = {isa = PBXBuildFile; fileRef = 7C0798282993F25C004E8EC8 /* CGImage.cpp */; };
		7C82D5BE29AEC422005079B8 /* Data.cpp in Sources */ = {isa = PBXBuildFile; fileRef = 7CD13F1529AA561B00D0FFF5 /* Data.cpp */; };
		7C82D5BF29AEC422005079B8 /* Runner.cpp in Sources */ = {isa = PBXBuildFile; fileRef = 7CB7F56029A43C8000A20694 /* Runner.cpp */; };
		7C82D5C029AEC422005079B8 /* UIApplication.cpp in Sources */ = {isa = PBXBuildFile; fileRef = 7CEB969D29943993007483C0 /* UIApplication.cpp */; };
		7C82D5C129AEC422005079B8 /* Utils.cpp in Sources */ = {isa = PBXBuildFile; fileRef = 7CEB96A1299509C5007483C0 /* Utils.cpp */; };
		7C82D5C229AEC422005079B8 /* NXAffineTransform.cpp in Sources */ = {isa = PBXBuildFile; fileRef = 7CB7F55629A3F1B500A20694 /* NXAffineTransform.cpp */; };
		7C82D5C329AEC422005079B8 /* ShaderProgram.cpp in Sources */ = {isa = PBXBuildFile; fileRef = 7CD13F2029AE6A6E00D0FFF5 /* ShaderProgram.cpp */; };
		7C82D5C429AEC422005079B8 /* CATextLayer.cpp in Sources */ = {isa = PBXBuildFile; fileRef = 7CD13F1129AA52D600D0FFF5 /* CATextLayer.cpp */; };
		7C82D5C529AEC422005079B8 /* Geometry.cpp in Sources */ = {isa = PBXBuildFile; fileRef = 7CEB96872993F5DB007483C0 /* Geometry.cpp */; };
		7C82D5C629AEC422005079B8 /* CALayer.cpp in Sources */ = {isa = PBXBuildFile; fileRef = 7C0798242993F1E4004E8EC8 /* CALayer.cpp */; };
		7C82D5C729AEC422005079B8 /* UIColor.cpp in Sources */ = {isa = PBXBuildFile; fileRef = 7CEB968B2993F799007483C0 /* UIColor.cpp */; };
		7C82D5C829AEC422005079B8 /* Start.cpp in Sources */ = {isa = PBXBuildFile; fileRef = 7CD13F0E29AA43B600D0FFF5 /* Start.cpp */; };
		7C82D5CA29AEC422005079B8 /* Shader.cpp in Sources */ = {isa = PBXBuildFile; fileRef = 7CD13F2429AE6AFC00D0FFF5 /* Shader.cpp */; };
		7C82D5CB29AEC442005079B8 /* main.cpp in Sources */ = {isa = PBXBuildFile; fileRef = 7CEB969329941288007483C0 /* main.cpp */; };
		7C82D5CE29AEC789005079B8 /* libSDL2.a in Frameworks */ = {isa = PBXBuildFile; fileRef = 7C82D59E29AEC253005079B8 /* libSDL2.a */; };
		7C82D5D229AEC7AA005079B8 /* CoreGraphics.framework in Frameworks */ = {isa = PBXBuildFile; fileRef = 7C82D5D129AEC7AA005079B8 /* CoreGraphics.framework */; };
		7C82D5D729AEC7D3005079B8 /* GameController.framework in Frameworks */ = {isa = PBXBuildFile; fileRef = 7C82D5D629AEC7D3005079B8 /* GameController.framework */; };
		7C82D5D929AEC7EF005079B8 /* CoreHaptics.framework in Frameworks */ = {isa = PBXBuildFile; fileRef = 7C82D5D829AEC7EE005079B8 /* CoreHaptics.framework */; };
		7C82D5DB29AEC7F6005079B8 /* UIKit.framework in Frameworks */ = {isa = PBXBuildFile; fileRef = 7C82D5DA29AEC7F6005079B8 /* UIKit.framework */; };
		7C82D5DD29AEC7FD005079B8 /* Foundation.framework in Frameworks */ = {isa = PBXBuildFile; fileRef = 7C82D5DC29AEC7FD005079B8 /* Foundation.framework */; };
		7C82D5DF29AEC811005079B8 /* Metal.framework in Frameworks */ = {isa = PBXBuildFile; fileRef = 7C82D5DE29AEC811005079B8 /* Metal.framework */; };
		7C82D5E129AEC822005079B8 /* CoreMotion.framework in Frameworks */ = {isa = PBXBuildFile; fileRef = 7C82D5E029AEC822005079B8 /* CoreMotion.framework */; };
		7C82D5E329AEC838005079B8 /* AVFoundation.framework in Frameworks */ = {isa = PBXBuildFile; fileRef = 7C82D5E229AEC838005079B8 /* AVFoundation.framework */; };
		7C82D5E629AEC86A005079B8 /* AudioToolbox.framework in Frameworks */ = {isa = PBXBuildFile; fileRef = 7C82D5E529AEC86A005079B8 /* AudioToolbox.framework */; };
		7C82D5E829AEC892005079B8 /* QuartzCore.framework in Frameworks */ = {isa = PBXBuildFile; fileRef = 7C82D5E729AEC892005079B8 /* QuartzCore.framework */; };
		7C82D5EC29AECC85005079B8 /* assets in Resources */ = {isa = PBXBuildFile; fileRef = 7C82D5E929AEC8C1005079B8 /* assets */; };
		7CB7F51C29A3D45F00A20694 /* stb_image_write.c in Sources */ = {isa = PBXBuildFile; fileRef = 7CB7F4C229A3D45F00A20694 /* stb_image_write.c */; };
		7CB7F51E29A3D45F00A20694 /* stb_image.c in Sources */ = {isa = PBXBuildFile; fileRef = 7CB7F4CA29A3D45F00A20694 /* stb_image.c */; };
		7CB7F54029A3D79700A20694 /* OpenGL.framework in Frameworks */ = {isa = PBXBuildFile; fileRef = 7CB7F52729A3D5F400A20694 /* OpenGL.framework */; };
		7CB7F54529A3D83400A20694 /* SDL_gpu.c in Sources */ = {isa = PBXBuildFile; fileRef = 7CB7F4B829A3D45F00A20694 /* SDL_gpu.c */; };
		7CB7F54629A3D83F00A20694 /* SDL_gpu_renderer.c in Sources */ = {isa = PBXBuildFile; fileRef = 7CB7F4BA29A3D45F00A20694 /* SDL_gpu_renderer.c */; };
		7CB7F54729A3D83F00A20694 /* SDL_gpu_matrix.c in Sources */ = {isa = PBXBuildFile; fileRef = 7CB7F4B929A3D45F00A20694 /* SDL_gpu_matrix.c */; };
		7CB7F54829A3D89C00A20694 /* renderer_OpenGL_1.c in Sources */ = {isa = PBXBuildFile; fileRef = 7CB7F4D129A3D45F00A20694 /* renderer_OpenGL_1.c */; };
		7CB7F54929A3D89C00A20694 /* renderer_GLES_1.c in Sources */ = {isa = PBXBuildFile; fileRef = 7CB7F4D329A3D45F00A20694 /* renderer_GLES_1.c */; };
		7CB7F54A29A3D89C00A20694 /* renderer_OpenGL_3.c in Sources */ = {isa = PBXBuildFile; fileRef = 7CB7F4B729A3D45F00A20694 /* renderer_OpenGL_3.c */; };
		7CB7F54B29A3D89C00A20694 /* renderer_OpenGL_4.c in Sources */ = {isa = PBXBuildFile; fileRef = 7CB7F4CD29A3D45F00A20694 /* renderer_OpenGL_4.c */; };
		7CB7F54C29A3D89C00A20694 /* renderer_OpenGL_2.c in Sources */ = {isa = PBXBuildFile; fileRef = 7CB7F4D429A3D45F00A20694 /* renderer_OpenGL_2.c */; };
		7CB7F54D29A3D89C00A20694 /* renderer_GLES_3.c in Sources */ = {isa = PBXBuildFile; fileRef = 7CB7F4CC29A3D45F00A20694 /* renderer_GLES_3.c */; };
		7CB7F54E29A3D89C00A20694 /* renderer_GLES_2.c in Sources */ = {isa = PBXBuildFile; fileRef = 7CB7F4CF29A3D45F00A20694 /* renderer_GLES_2.c */; };
		7CB7F54F29A3D89C00A20694 /* SDL_gpu_shapes.c in Sources */ = {isa = PBXBuildFile; fileRef = 7CB7F4D029A3D45F00A20694 /* SDL_gpu_shapes.c */; };
		7CB7F55029A3D89C00A20694 /* renderer_OpenGL_1_BASE.c in Sources */ = {isa = PBXBuildFile; fileRef = 7CB7F4B429A3D45F00A20694 /* renderer_OpenGL_1_BASE.c */; };
		7CB7F55B29A3F1B500A20694 /* NXAffineTransform.cpp in Sources */ = {isa = PBXBuildFile; fileRef = 7CB7F55629A3F1B500A20694 /* NXAffineTransform.cpp */; };
		7CB7F55C29A3F1B500A20694 /* NXTransform3D.cpp in Sources */ = {isa = PBXBuildFile; fileRef = 7CB7F55929A3F1B500A20694 /* NXTransform3D.cpp */; };
		7CB7F56229A43C8000A20694 /* Runner.cpp in Sources */ = {isa = PBXBuildFile; fileRef = 7CB7F56029A43C8000A20694 /* Runner.cpp */; };
		7CD13F0F29AA43B600D0FFF5 /* Start.cpp in Sources */ = {isa = PBXBuildFile; fileRef = 7CD13F0E29AA43B600D0FFF5 /* Start.cpp */; };
		7CD13F1329AA52D600D0FFF5 /* CATextLayer.cpp in Sources */ = {isa = PBXBuildFile; fileRef = 7CD13F1129AA52D600D0FFF5 /* CATextLayer.cpp */; };
		7CD13F1729AA561B00D0FFF5 /* Data.cpp in Sources */ = {isa = PBXBuildFile; fileRef = 7CD13F1529AA561B00D0FFF5 /* Data.cpp */; };
		7CD13F1B29AB6DD900D0FFF5 /* ContentsGravityTransformation.cpp in Sources */ = {isa = PBXBuildFile; fileRef = 7CD13F1929AB6DD900D0FFF5 /* ContentsGravityTransformation.cpp */; };
		7CD13F2229AE6A6E00D0FFF5 /* ShaderProgram.cpp in Sources */ = {isa = PBXBuildFile; fileRef = 7CD13F2029AE6A6E00D0FFF5 /* ShaderProgram.cpp */; };
		7CD13F2629AE6AFC00D0FFF5 /* Shader.cpp in Sources */ = {isa = PBXBuildFile; fileRef = 7CD13F2429AE6AFC00D0FFF5 /* Shader.cpp */; };
		7CEB96892993F5DB007483C0 /* Geometry.cpp in Sources */ = {isa = PBXBuildFile; fileRef = 7CEB96872993F5DB007483C0 /* Geometry.cpp */; };
		7CEB968D2993F799007483C0 /* UIColor.cpp in Sources */ = {isa = PBXBuildFile; fileRef = 7CEB968B2993F799007483C0 /* UIColor.cpp */; };
		7CEB969E29943993007483C0 /* UIApplication.cpp in Sources */ = {isa = PBXBuildFile; fileRef = 7CEB969D29943993007483C0 /* UIApplication.cpp */; };
		7CEB969F29943A95007483C0 /* CALayer.cpp in Sources */ = {isa = PBXBuildFile; fileRef = 7C0798242993F1E4004E8EC8 /* CALayer.cpp */; };
		7CEB96A3299509C5007483C0 /* Utils.cpp in Sources */ = {isa = PBXBuildFile; fileRef = 7CEB96A1299509C5007483C0 /* Utils.cpp */; };
/* End PBXBuildFile section */

/* Begin PBXContainerItemProxy section */
		7C82D59329AEC253005079B8 /* PBXContainerItemProxy */ = {
			isa = PBXContainerItemProxy;
			containerPortal = 7C82D58529AEC253005079B8 /* SDL.xcodeproj */;
			proxyType = 2;
			remoteGlobalIDString = BECDF66C0761BA81005FE872;
			remoteInfo = Framework;
		};
		7C82D59529AEC253005079B8 /* PBXContainerItemProxy */ = {
			isa = PBXContainerItemProxy;
			containerPortal = 7C82D58529AEC253005079B8 /* SDL.xcodeproj */;
			proxyType = 2;
			remoteGlobalIDString = A7D88B5423E2437C00DCD162;
			remoteInfo = "Framework-iOS";
		};
		7C82D59729AEC253005079B8 /* PBXContainerItemProxy */ = {
			isa = PBXContainerItemProxy;
			containerPortal = 7C82D58529AEC253005079B8 /* SDL.xcodeproj */;
			proxyType = 2;
			remoteGlobalIDString = A7D88D1523E24BED00DCD162;
			remoteInfo = "Framework-tvOS";
		};
		7C82D59929AEC253005079B8 /* PBXContainerItemProxy */ = {
			isa = PBXContainerItemProxy;
			containerPortal = 7C82D58529AEC253005079B8 /* SDL.xcodeproj */;
			proxyType = 2;
			remoteGlobalIDString = E2D187CF28A5673500D2B4F1;
			remoteInfo = "xcFramework-iOS";
		};
		7C82D59B29AEC253005079B8 /* PBXContainerItemProxy */ = {
			isa = PBXContainerItemProxy;
			containerPortal = 7C82D58529AEC253005079B8 /* SDL.xcodeproj */;
			proxyType = 2;
			remoteGlobalIDString = BECDF6B30761BA81005FE872;
			remoteInfo = "Static Library";
		};
		7C82D59D29AEC253005079B8 /* PBXContainerItemProxy */ = {
			isa = PBXContainerItemProxy;
			containerPortal = 7C82D58529AEC253005079B8 /* SDL.xcodeproj */;
			proxyType = 2;
			remoteGlobalIDString = A7D88E5423E24D3B00DCD162;
			remoteInfo = "Static Library-iOS";
		};
		7C82D59F29AEC253005079B8 /* PBXContainerItemProxy */ = {
			isa = PBXContainerItemProxy;
			containerPortal = 7C82D58529AEC253005079B8 /* SDL.xcodeproj */;
			proxyType = 2;
			remoteGlobalIDString = A769B23D23E259AE00872273;
			remoteInfo = "Static Library-tvOS";
		};
		7C82D5A129AEC253005079B8 /* PBXContainerItemProxy */ = {
			isa = PBXContainerItemProxy;
			containerPortal = 7C82D58529AEC253005079B8 /* SDL.xcodeproj */;
			proxyType = 2;
			remoteGlobalIDString = DB31407717554B71006C0E22;
			remoteInfo = "Shared Library";
		};
		7C82D5A329AEC253005079B8 /* PBXContainerItemProxy */ = {
			isa = PBXContainerItemProxy;
			containerPortal = 7C82D58529AEC253005079B8 /* SDL.xcodeproj */;
			proxyType = 2;
			remoteGlobalIDString = A75FCEB323E25AB700529352;
			remoteInfo = "Shared Library-iOS";
		};
		7C82D5A529AEC253005079B8 /* PBXContainerItemProxy */ = {
			isa = PBXContainerItemProxy;
			containerPortal = 7C82D58529AEC253005079B8 /* SDL.xcodeproj */;
			proxyType = 2;
			remoteGlobalIDString = A75FD06C23E25AC700529352;
			remoteInfo = "Shared Library-tvOS";
		};
		7C82D5A729AEC253005079B8 /* PBXContainerItemProxy */ = {
			isa = PBXContainerItemProxy;
			containerPortal = 7C82D58529AEC253005079B8 /* SDL.xcodeproj */;
			proxyType = 2;
			remoteGlobalIDString = BECDF6BE0761BA81005FE872;
			remoteInfo = "Standard DMG";
		};
/* End PBXContainerItemProxy section */

/* Begin PBXCopyFilesBuildPhase section */
		7C0798162993E916004E8EC8 /* CopyFiles */ = {
			isa = PBXCopyFilesBuildPhase;
			buildActionMask = 2147483647;
			dstPath = /usr/share/man/man1/;
			dstSubfolderSpec = 0;
			files = (
			);
			runOnlyForDeploymentPostprocessing = 1;
		};
		7C82D5AB29AEC263005079B8 /* Embed Frameworks */ = {
			isa = PBXCopyFilesBuildPhase;
			buildActionMask = 2147483647;
			dstPath = "";
			dstSubfolderSpec = 10;
			files = (
			);
			name = "Embed Frameworks";
			runOnlyForDeploymentPostprocessing = 0;
		};
/* End PBXCopyFilesBuildPhase section */

/* Begin PBXFileReference section */
		7C0798182993E916004E8EC8 /* SDLTest */ = {isa = PBXFileReference; explicitFileType = "compiled.mach-o.executable"; includeInIndex = 0; path = SDLTest; sourceTree = BUILT_PRODUCTS_DIR; };
		7C0798222993EE53004E8EC8 /* SDLTest.entitlements */ = {isa = PBXFileReference; lastKnownFileType = text.plist.entitlements; path = SDLTest.entitlements; sourceTree = "<group>"; };
		7C0798242993F1E4004E8EC8 /* CALayer.cpp */ = {isa = PBXFileReference; lastKnownFileType = sourcecode.cpp.cpp; path = CALayer.cpp; sourceTree = "<group>"; };
		7C0798252993F1E4004E8EC8 /* CALayer.hpp */ = {isa = PBXFileReference; lastKnownFileType = sourcecode.cpp.h; path = CALayer.hpp; sourceTree = "<group>"; };
		7C0798282993F25C004E8EC8 /* CGImage.cpp */ = {isa = PBXFileReference; lastKnownFileType = sourcecode.cpp.cpp; path = CGImage.cpp; sourceTree = "<group>"; };
		7C0798292993F25C004E8EC8 /* CGImage.hpp */ = {isa = PBXFileReference; lastKnownFileType = sourcecode.cpp.h; path = CGImage.hpp; sourceTree = "<group>"; };
		7C82D56629AEC01C005079B8 /* SDLTest-iOS.app */ = {isa = PBXFileReference; explicitFileType = wrapper.application; includeInIndex = 0; path = "SDLTest-iOS.app"; sourceTree = BUILT_PRODUCTS_DIR; };
		7C82D57429AEC01E005079B8 /* Assets.xcassets */ = {isa = PBXFileReference; lastKnownFileType = folder.assetcatalog; path = Assets.xcassets; sourceTree = "<group>"; };
		7C82D57729AEC01E005079B8 /* Base */ = {isa = PBXFileReference; lastKnownFileType = file.storyboard; name = Base; path = Base.lproj/LaunchScreen.storyboard; sourceTree = "<group>"; };
		7C82D57929AEC01E005079B8 /* Info.plist */ = {isa = PBXFileReference; lastKnownFileType = text.plist.xml; path = Info.plist; sourceTree = "<group>"; };
		7C82D58529AEC253005079B8 /* SDL.xcodeproj */ = {isa = PBXFileReference; lastKnownFileType = "wrapper.pb-project"; name = SDL.xcodeproj; path = SDL/Xcode/SDL/SDL.xcodeproj; sourceTree = "<group>"; };
		7C82D5CF29AEC7A0005079B8 /* AVFAudio.framework */ = {isa = PBXFileReference; lastKnownFileType = wrapper.framework; name = AVFAudio.framework; path = Platforms/iPhoneOS.platform/Developer/SDKs/iPhoneOS16.2.sdk/System/Library/Frameworks/AVFAudio.framework; sourceTree = DEVELOPER_DIR; };
		7C82D5D129AEC7AA005079B8 /* CoreGraphics.framework */ = {isa = PBXFileReference; lastKnownFileType = wrapper.framework; name = CoreGraphics.framework; path = Platforms/iPhoneOS.platform/Developer/SDKs/iPhoneOS16.2.sdk/System/Library/Frameworks/CoreGraphics.framework; sourceTree = DEVELOPER_DIR; };
		7C82D5D329AEC7B6005079B8 /* CoreAudio.framework */ = {isa = PBXFileReference; lastKnownFileType = wrapper.framework; name = CoreAudio.framework; path = Platforms/iPhoneOS.platform/Developer/SDKs/iPhoneOS16.2.sdk/System/Library/Frameworks/CoreAudio.framework; sourceTree = DEVELOPER_DIR; };
		7C82D5D629AEC7D3005079B8 /* GameController.framework */ = {isa = PBXFileReference; lastKnownFileType = wrapper.framework; name = GameController.framework; path = Platforms/iPhoneOS.platform/Developer/SDKs/iPhoneOS16.2.sdk/System/Library/Frameworks/GameController.framework; sourceTree = DEVELOPER_DIR; };
		7C82D5D829AEC7EE005079B8 /* CoreHaptics.framework */ = {isa = PBXFileReference; lastKnownFileType = wrapper.framework; name = CoreHaptics.framework; path = Platforms/iPhoneOS.platform/Developer/SDKs/iPhoneOS16.2.sdk/System/Library/Frameworks/CoreHaptics.framework; sourceTree = DEVELOPER_DIR; };
		7C82D5DA29AEC7F6005079B8 /* UIKit.framework */ = {isa = PBXFileReference; lastKnownFileType = wrapper.framework; name = UIKit.framework; path = Platforms/iPhoneOS.platform/Developer/SDKs/iPhoneOS16.2.sdk/System/Library/Frameworks/UIKit.framework; sourceTree = DEVELOPER_DIR; };
		7C82D5DC29AEC7FD005079B8 /* Foundation.framework */ = {isa = PBXFileReference; lastKnownFileType = wrapper.framework; name = Foundation.framework; path = Platforms/iPhoneOS.platform/Developer/SDKs/iPhoneOS16.2.sdk/System/Library/Frameworks/Foundation.framework; sourceTree = DEVELOPER_DIR; };
		7C82D5DE29AEC811005079B8 /* Metal.framework */ = {isa = PBXFileReference; lastKnownFileType = wrapper.framework; name = Metal.framework; path = Platforms/iPhoneOS.platform/Developer/SDKs/iPhoneOS16.2.sdk/System/Library/Frameworks/Metal.framework; sourceTree = DEVELOPER_DIR; };
		7C82D5E029AEC822005079B8 /* CoreMotion.framework */ = {isa = PBXFileReference; lastKnownFileType = wrapper.framework; name = CoreMotion.framework; path = Platforms/iPhoneOS.platform/Developer/SDKs/iPhoneOS16.2.sdk/System/Library/Frameworks/CoreMotion.framework; sourceTree = DEVELOPER_DIR; };
		7C82D5E229AEC838005079B8 /* AVFoundation.framework */ = {isa = PBXFileReference; lastKnownFileType = wrapper.framework; name = AVFoundation.framework; path = Platforms/iPhoneOS.platform/Developer/SDKs/iPhoneOS16.2.sdk/System/Library/Frameworks/AVFoundation.framework; sourceTree = DEVELOPER_DIR; };
		7C82D5E529AEC86A005079B8 /* AudioToolbox.framework */ = {isa = PBXFileReference; lastKnownFileType = wrapper.framework; name = AudioToolbox.framework; path = Platforms/iPhoneOS.platform/Developer/SDKs/iPhoneOS16.2.sdk/System/Library/Frameworks/AudioToolbox.framework; sourceTree = DEVELOPER_DIR; };
		7C82D5E729AEC892005079B8 /* QuartzCore.framework */ = {isa = PBXFileReference; lastKnownFileType = wrapper.framework; name = QuartzCore.framework; path = Platforms/iPhoneOS.platform/Developer/SDKs/iPhoneOS16.2.sdk/System/Library/Frameworks/QuartzCore.framework; sourceTree = DEVELOPER_DIR; };
		7C82D5E929AEC8C1005079B8 /* assets */ = {isa = PBXFileReference; lastKnownFileType = folder; path = assets; sourceTree = "<group>"; };
		7CB7F3D829A3D45F00A20694 /* SDL_gpu_RendererImpl.h */ = {isa = PBXFileReference; fileEncoding = 4; lastKnownFileType = sourcecode.c.h; path = SDL_gpu_RendererImpl.h; sourceTree = "<group>"; };
		7CB7F3D929A3D45F00A20694 /* SDL_gpu_version.h */ = {isa = PBXFileReference; fileEncoding = 4; lastKnownFileType = sourcecode.c.h; path = SDL_gpu_version.h; sourceTree = "<group>"; };
		7CB7F3DA29A3D45F00A20694 /* SDL_gpu_OpenGL_1_BASE.h */ = {isa = PBXFileReference; fileEncoding = 4; lastKnownFileType = sourcecode.c.h; path = SDL_gpu_OpenGL_1_BASE.h; sourceTree = "<group>"; };
		7CB7F3DB29A3D45F00A20694 /* SDL_gpu_OpenGL_2.h */ = {isa = PBXFileReference; fileEncoding = 4; lastKnownFileType = sourcecode.c.h; path = SDL_gpu_OpenGL_2.h; sourceTree = "<group>"; };
		7CB7F3DC29A3D45F00A20694 /* SDL_gpu_GLES_2.h */ = {isa = PBXFileReference; fileEncoding = 4; lastKnownFileType = sourcecode.c.h; path = SDL_gpu_GLES_2.h; sourceTree = "<group>"; };
		7CB7F3DD29A3D45F00A20694 /* SDL_gpu_OpenGL_1.h */ = {isa = PBXFileReference; fileEncoding = 4; lastKnownFileType = sourcecode.c.h; path = SDL_gpu_OpenGL_1.h; sourceTree = "<group>"; };
		7CB7F3DE29A3D45F00A20694 /* SDL_gpu_GLES_1.h */ = {isa = PBXFileReference; fileEncoding = 4; lastKnownFileType = sourcecode.c.h; path = SDL_gpu_GLES_1.h; sourceTree = "<group>"; };
		7CB7F3DF29A3D45F00A20694 /* SDL_gpu.h */ = {isa = PBXFileReference; fileEncoding = 4; lastKnownFileType = sourcecode.c.h; path = SDL_gpu.h; sourceTree = "<group>"; };
		7CB7F3E029A3D45F00A20694 /* SDL_gpu_OpenGL_4.h */ = {isa = PBXFileReference; fileEncoding = 4; lastKnownFileType = sourcecode.c.h; path = SDL_gpu_OpenGL_4.h; sourceTree = "<group>"; };
		7CB7F3E129A3D45F00A20694 /* SDL_gpu_GLES_3.h */ = {isa = PBXFileReference; fileEncoding = 4; lastKnownFileType = sourcecode.c.h; path = SDL_gpu_GLES_3.h; sourceTree = "<group>"; };
		7CB7F3E229A3D45F00A20694 /* SDL_gpu_OpenGL_3.h */ = {isa = PBXFileReference; fileEncoding = 4; lastKnownFileType = sourcecode.c.h; path = SDL_gpu_OpenGL_3.h; sourceTree = "<group>"; };
		7CB7F48F29A3D45F00A20694 /* main.c */ = {isa = PBXFileReference; fileEncoding = 4; lastKnownFileType = sourcecode.c.c; path = main.c; sourceTree = "<group>"; };
		7CB7F49129A3D45F00A20694 /* main.c */ = {isa = PBXFileReference; fileEncoding = 4; lastKnownFileType = sourcecode.c.c; path = main.c; sourceTree = "<group>"; };
		7CB7F49229A3D45F00A20694 /* CMakeLists.txt */ = {isa = PBXFileReference; fileEncoding = 4; lastKnownFileType = text; path = CMakeLists.txt; sourceTree = "<group>"; };
		7CB7F49429A3D45F00A20694 /* main.c */ = {isa = PBXFileReference; fileEncoding = 4; lastKnownFileType = sourcecode.c.c; path = main.c; sourceTree = "<group>"; };
		7CB7F49629A3D45F00A20694 /* main.c */ = {isa = PBXFileReference; fileEncoding = 4; lastKnownFileType = sourcecode.c.c; path = main.c; sourceTree = "<group>"; };
		7CB7F49829A3D45F00A20694 /* main.c */ = {isa = PBXFileReference; fileEncoding = 4; lastKnownFileType = sourcecode.c.c; path = main.c; sourceTree = "<group>"; };
		7CB7F49A29A3D45F00A20694 /* test.bmp */ = {isa = PBXFileReference; lastKnownFileType = image.bmp; path = test.bmp; sourceTree = "<group>"; };
		7CB7F49B29A3D45F00A20694 /* comic14.png */ = {isa = PBXFileReference; lastKnownFileType = image.png; path = comic14.png; sourceTree = "<group>"; };
		7CB7F49C29A3D45F00A20694 /* test3.png */ = {isa = PBXFileReference; lastKnownFileType = image.png; path = test3.png; sourceTree = "<group>"; };
		7CB7F49D29A3D45F00A20694 /* test2.png */ = {isa = PBXFileReference; lastKnownFileType = image.png; path = test2.png; sourceTree = "<group>"; };
		7CB7F49F29A3D45F00A20694 /* color.frag */ = {isa = PBXFileReference; fileEncoding = 4; lastKnownFileType = sourcecode.glsl; path = color.frag; sourceTree = "<group>"; };
		7CB7F4A029A3D45F00A20694 /* alpha_mask.frag */ = {isa = PBXFileReference; fileEncoding = 4; lastKnownFileType = sourcecode.glsl; path = alpha_mask.frag; sourceTree = "<group>"; };
		7CB7F4A129A3D45F00A20694 /* untextured.vert */ = {isa = PBXFileReference; fileEncoding = 4; lastKnownFileType = sourcecode.glsl; path = untextured.vert; sourceTree = "<group>"; };
		7CB7F4A229A3D45F00A20694 /* marching_ants.frag */ = {isa = PBXFileReference; fileEncoding = 4; lastKnownFileType = sourcecode.glsl; path = marching_ants.frag; sourceTree = "<group>"; };
		7CB7F4A329A3D45F00A20694 /* common.frag */ = {isa = PBXFileReference; fileEncoding = 4; lastKnownFileType = sourcecode.glsl; path = common.frag; sourceTree = "<group>"; };
		7CB7F4A429A3D45F00A20694 /* common.vert */ = {isa = PBXFileReference; fileEncoding = 4; lastKnownFileType = sourcecode.glsl; path = common.vert; sourceTree = "<group>"; };
		7CB7F4A529A3D45F00A20694 /* untextured.frag */ = {isa = PBXFileReference; fileEncoding = 4; lastKnownFileType = sourcecode.glsl; path = untextured.frag; sourceTree = "<group>"; };
		7CB7F4A729A3D45F00A20694 /* ship.png */ = {isa = PBXFileReference; lastKnownFileType = image.png; path = ship.png; sourceTree = "<group>"; };
		7CB7F4A929A3D45F00A20694 /* main.c */ = {isa = PBXFileReference; fileEncoding = 4; lastKnownFileType = sourcecode.c.c; path = main.c; sourceTree = "<group>"; };
		7CB7F4B429A3D45F00A20694 /* renderer_OpenGL_1_BASE.c */ = {isa = PBXFileReference; fileEncoding = 4; lastKnownFileType = sourcecode.c.c; path = renderer_OpenGL_1_BASE.c; sourceTree = "<group>"; };
		7CB7F4B729A3D45F00A20694 /* renderer_OpenGL_3.c */ = {isa = PBXFileReference; fileEncoding = 4; lastKnownFileType = sourcecode.c.c; path = renderer_OpenGL_3.c; sourceTree = "<group>"; };
		7CB7F4B829A3D45F00A20694 /* SDL_gpu.c */ = {isa = PBXFileReference; fileEncoding = 4; lastKnownFileType = sourcecode.c.c; path = SDL_gpu.c; sourceTree = "<group>"; };
		7CB7F4B929A3D45F00A20694 /* SDL_gpu_matrix.c */ = {isa = PBXFileReference; fileEncoding = 4; lastKnownFileType = sourcecode.c.c; path = SDL_gpu_matrix.c; sourceTree = "<group>"; };
		7CB7F4BA29A3D45F00A20694 /* SDL_gpu_renderer.c */ = {isa = PBXFileReference; fileEncoding = 4; lastKnownFileType = sourcecode.c.c; path = SDL_gpu_renderer.c; sourceTree = "<group>"; };
		7CB7F4C129A3D45F00A20694 /* stb_image_write.h */ = {isa = PBXFileReference; fileEncoding = 4; lastKnownFileType = sourcecode.c.h; path = stb_image_write.h; sourceTree = "<group>"; };
		7CB7F4C229A3D45F00A20694 /* stb_image_write.c */ = {isa = PBXFileReference; fileEncoding = 4; lastKnownFileType = sourcecode.c.c; path = stb_image_write.c; sourceTree = "<group>"; };
		7CB7F4C429A3D45F00A20694 /* glew.c */ = {isa = PBXFileReference; fileEncoding = 4; lastKnownFileType = sourcecode.c.c; path = glew.c; sourceTree = "<group>"; };
		7CB7F4C629A3D45F00A20694 /* glxew.h */ = {isa = PBXFileReference; fileEncoding = 4; lastKnownFileType = sourcecode.c.h; path = glxew.h; sourceTree = "<group>"; };
		7CB7F4C729A3D45F00A20694 /* wglew.h */ = {isa = PBXFileReference; fileEncoding = 4; lastKnownFileType = sourcecode.c.h; path = wglew.h; sourceTree = "<group>"; };
		7CB7F4C829A3D45F00A20694 /* glew.h */ = {isa = PBXFileReference; fileEncoding = 4; lastKnownFileType = sourcecode.c.h; path = glew.h; sourceTree = "<group>"; };
		7CB7F4CA29A3D45F00A20694 /* stb_image.c */ = {isa = PBXFileReference; fileEncoding = 4; lastKnownFileType = sourcecode.c.c; path = stb_image.c; sourceTree = "<group>"; };
		7CB7F4CB29A3D45F00A20694 /* stb_image.h */ = {isa = PBXFileReference; fileEncoding = 4; lastKnownFileType = sourcecode.c.h; path = stb_image.h; sourceTree = "<group>"; };
		7CB7F4CC29A3D45F00A20694 /* renderer_GLES_3.c */ = {isa = PBXFileReference; fileEncoding = 4; lastKnownFileType = sourcecode.c.c; path = renderer_GLES_3.c; sourceTree = "<group>"; };
		7CB7F4CD29A3D45F00A20694 /* renderer_OpenGL_4.c */ = {isa = PBXFileReference; fileEncoding = 4; lastKnownFileType = sourcecode.c.c; path = renderer_OpenGL_4.c; sourceTree = "<group>"; };
		7CB7F4CF29A3D45F00A20694 /* renderer_GLES_2.c */ = {isa = PBXFileReference; fileEncoding = 4; lastKnownFileType = sourcecode.c.c; path = renderer_GLES_2.c; sourceTree = "<group>"; };
		7CB7F4D029A3D45F00A20694 /* SDL_gpu_shapes.c */ = {isa = PBXFileReference; fileEncoding = 4; lastKnownFileType = sourcecode.c.c; path = SDL_gpu_shapes.c; sourceTree = "<group>"; };
		7CB7F4D129A3D45F00A20694 /* renderer_OpenGL_1.c */ = {isa = PBXFileReference; fileEncoding = 4; lastKnownFileType = sourcecode.c.c; path = renderer_OpenGL_1.c; sourceTree = "<group>"; };
		7CB7F4D329A3D45F00A20694 /* renderer_GLES_1.c */ = {isa = PBXFileReference; fileEncoding = 4; lastKnownFileType = sourcecode.c.c; path = renderer_GLES_1.c; sourceTree = "<group>"; };
		7CB7F4D429A3D45F00A20694 /* renderer_OpenGL_2.c */ = {isa = PBXFileReference; fileEncoding = 4; lastKnownFileType = sourcecode.c.c; path = renderer_OpenGL_2.c; sourceTree = "<group>"; };
		7CB7F52729A3D5F400A20694 /* OpenGL.framework */ = {isa = PBXFileReference; lastKnownFileType = wrapper.framework; name = OpenGL.framework; path = System/Library/Frameworks/OpenGL.framework; sourceTree = SDKROOT; };
		7CB7F55629A3F1B500A20694 /* NXAffineTransform.cpp */ = {isa = PBXFileReference; fileEncoding = 4; lastKnownFileType = sourcecode.cpp.cpp; path = NXAffineTransform.cpp; sourceTree = "<group>"; };
		7CB7F55729A3F1B500A20694 /* NXAffineTransform.hpp */ = {isa = PBXFileReference; fileEncoding = 4; lastKnownFileType = sourcecode.cpp.h; path = NXAffineTransform.hpp; sourceTree = "<group>"; };
		7CB7F55929A3F1B500A20694 /* NXTransform3D.cpp */ = {isa = PBXFileReference; fileEncoding = 4; lastKnownFileType = sourcecode.cpp.cpp; path = NXTransform3D.cpp; sourceTree = "<group>"; };
		7CB7F55A29A3F1B500A20694 /* NXTransform3D.hpp */ = {isa = PBXFileReference; fileEncoding = 4; lastKnownFileType = sourcecode.cpp.h; path = NXTransform3D.hpp; sourceTree = "<group>"; };
		7CB7F55D29A41C4F00A20694 /* renderer_shapes_GL_common.inl */ = {isa = PBXFileReference; fileEncoding = 4; lastKnownFileType = text; path = renderer_shapes_GL_common.inl; sourceTree = "<group>"; };
		7CB7F55E29A41C4F00A20694 /* renderer_GL_common.inl */ = {isa = PBXFileReference; fileEncoding = 4; lastKnownFileType = text; path = renderer_GL_common.inl; sourceTree = "<group>"; };
		7CB7F56029A43C8000A20694 /* Runner.cpp */ = {isa = PBXFileReference; lastKnownFileType = sourcecode.cpp.cpp; path = Runner.cpp; sourceTree = "<group>"; };
		7CB7F56129A43C8000A20694 /* Runner.hpp */ = {isa = PBXFileReference; lastKnownFileType = sourcecode.cpp.h; path = Runner.hpp; sourceTree = "<group>"; };
		7CD13F0D29AA437200D0FFF5 /* Start.h */ = {isa = PBXFileReference; lastKnownFileType = sourcecode.c.h; path = Start.h; sourceTree = "<group>"; };
		7CD13F0E29AA43B600D0FFF5 /* Start.cpp */ = {isa = PBXFileReference; lastKnownFileType = sourcecode.cpp.cpp; path = Start.cpp; sourceTree = "<group>"; };
		7CD13F1129AA52D600D0FFF5 /* CATextLayer.cpp */ = {isa = PBXFileReference; lastKnownFileType = sourcecode.cpp.cpp; path = CATextLayer.cpp; sourceTree = "<group>"; };
		7CD13F1229AA52D600D0FFF5 /* CATextLayer.hpp */ = {isa = PBXFileReference; lastKnownFileType = sourcecode.cpp.h; path = CATextLayer.hpp; sourceTree = "<group>"; };
		7CD13F1529AA561B00D0FFF5 /* Data.cpp */ = {isa = PBXFileReference; lastKnownFileType = sourcecode.cpp.cpp; path = Data.cpp; sourceTree = "<group>"; };
		7CD13F1629AA561B00D0FFF5 /* Data.hpp */ = {isa = PBXFileReference; lastKnownFileType = sourcecode.cpp.h; path = Data.hpp; sourceTree = "<group>"; };
		7CD13F1929AB6DD900D0FFF5 /* ContentsGravityTransformation.cpp */ = {isa = PBXFileReference; lastKnownFileType = sourcecode.cpp.cpp; path = ContentsGravityTransformation.cpp; sourceTree = "<group>"; };
		7CD13F1A29AB6DD900D0FFF5 /* ContentsGravityTransformation.hpp */ = {isa = PBXFileReference; lastKnownFileType = sourcecode.cpp.h; path = ContentsGravityTransformation.hpp; sourceTree = "<group>"; };
		7CD13F2029AE6A6E00D0FFF5 /* ShaderProgram.cpp */ = {isa = PBXFileReference; lastKnownFileType = sourcecode.cpp.cpp; path = ShaderProgram.cpp; sourceTree = "<group>"; };
		7CD13F2129AE6A6E00D0FFF5 /* ShaderProgram.hpp */ = {isa = PBXFileReference; lastKnownFileType = sourcecode.cpp.h; path = ShaderProgram.hpp; sourceTree = "<group>"; };
		7CD13F2429AE6AFC00D0FFF5 /* Shader.cpp */ = {isa = PBXFileReference; lastKnownFileType = sourcecode.cpp.cpp; path = Shader.cpp; sourceTree = "<group>"; };
		7CD13F2529AE6AFC00D0FFF5 /* Shader.hpp */ = {isa = PBXFileReference; lastKnownFileType = sourcecode.cpp.h; path = Shader.hpp; sourceTree = "<group>"; };
		7CEB96872993F5DB007483C0 /* Geometry.cpp */ = {isa = PBXFileReference; lastKnownFileType = sourcecode.cpp.cpp; path = Geometry.cpp; sourceTree = "<group>"; };
		7CEB96882993F5DB007483C0 /* Geometry.hpp */ = {isa = PBXFileReference; lastKnownFileType = sourcecode.cpp.h; path = Geometry.hpp; sourceTree = "<group>"; };
		7CEB968B2993F799007483C0 /* UIColor.cpp */ = {isa = PBXFileReference; lastKnownFileType = sourcecode.cpp.cpp; path = UIColor.cpp; sourceTree = "<group>"; };
		7CEB968C2993F799007483C0 /* UIColor.hpp */ = {isa = PBXFileReference; lastKnownFileType = sourcecode.cpp.h; path = UIColor.hpp; sourceTree = "<group>"; };
		7CEB96922994037B007483C0 /* UIApplication.hpp */ = {isa = PBXFileReference; lastKnownFileType = sourcecode.cpp.h; path = UIApplication.hpp; sourceTree = "<group>"; };
		7CEB969329941288007483C0 /* main.cpp */ = {isa = PBXFileReference; lastKnownFileType = sourcecode.cpp.cpp; path = main.cpp; sourceTree = "<group>"; };
		7CEB969D29943993007483C0 /* UIApplication.cpp */ = {isa = PBXFileReference; lastKnownFileType = sourcecode.cpp.cpp; path = UIApplication.cpp; sourceTree = "<group>"; };
		7CEB96A1299509C5007483C0 /* Utils.cpp */ = {isa = PBXFileReference; lastKnownFileType = sourcecode.cpp.cpp; path = Utils.cpp; sourceTree = "<group>"; };
		7CEB96A2299509C5007483C0 /* Utils.hpp */ = {isa = PBXFileReference; lastKnownFileType = sourcecode.cpp.h; path = Utils.hpp; sourceTree = "<group>"; };
/* End PBXFileReference section */

/* Begin PBXFrameworksBuildPhase section */
		7C0798152993E916004E8EC8 /* Frameworks */ = {
			isa = PBXFrameworksBuildPhase;
			buildActionMask = 2147483647;
			files = (
				7CB7F54029A3D79700A20694 /* OpenGL.framework in Frameworks */,
			);
			runOnlyForDeploymentPostprocessing = 0;
		};
		7C82D56329AEC01C005079B8 /* Frameworks */ = {
			isa = PBXFrameworksBuildPhase;
			buildActionMask = 2147483647;
			files = (
				7C82D5D229AEC7AA005079B8 /* CoreGraphics.framework in Frameworks */,
				7C82D5DD29AEC7FD005079B8 /* Foundation.framework in Frameworks */,
				7C82D5E329AEC838005079B8 /* AVFoundation.framework in Frameworks */,
				7C82D5E829AEC892005079B8 /* QuartzCore.framework in Frameworks */,
				7C82D5DF29AEC811005079B8 /* Metal.framework in Frameworks */,
				7C82D5CE29AEC789005079B8 /* libSDL2.a in Frameworks */,
				7C82D5D929AEC7EF005079B8 /* CoreHaptics.framework in Frameworks */,
				7C82D5D729AEC7D3005079B8 /* GameController.framework in Frameworks */,
				7C82D5E629AEC86A005079B8 /* AudioToolbox.framework in Frameworks */,
				7C82D5DB29AEC7F6005079B8 /* UIKit.framework in Frameworks */,
				7C82D5E129AEC822005079B8 /* CoreMotion.framework in Frameworks */,
			);
			runOnlyForDeploymentPostprocessing = 0;
		};
/* End PBXFrameworksBuildPhase section */

/* Begin PBXGroup section */
		7C07980F2993E916004E8EC8 = {
			isa = PBXGroup;
			children = (
				7C82D5E929AEC8C1005079B8 /* assets */,
				7CB7F3CA29A3D45F00A20694 /* extern */,
				7C07981A2993E916004E8EC8 /* SDLTest */,
				7C82D56729AEC01C005079B8 /* SDLTest-iOS */,
				7C0798192993E916004E8EC8 /* Products */,
				7CB7F52629A3D5F400A20694 /* Frameworks */,
			);
			sourceTree = "<group>";
		};
		7C0798192993E916004E8EC8 /* Products */ = {
			isa = PBXGroup;
			children = (
				7C0798182993E916004E8EC8 /* SDLTest */,
				7C82D56629AEC01C005079B8 /* SDLTest-iOS.app */,
			);
			name = Products;
			sourceTree = "<group>";
		};
		7C07981A2993E916004E8EC8 /* SDLTest */ = {
			isa = PBXGroup;
			children = (
				7CD13F2329AE6AE000D0FFF5 /* Shader */,
				7CD13F1F29AE6A5C00D0FFF5 /* ShaderProgram */,
				7C0798232993F1D4004E8EC8 /* CALayer */,
				7CD13F1029AA52BE00D0FFF5 /* CATextLayer */,
				7C0798272993F251004E8EC8 /* CGImage */,
				7CD13F1829AB6DCD00D0FFF5 /* ContentsGravityTransformation */,
				7CD13F1429AA561300D0FFF5 /* Data */,
				7CEB96862993F5CB007483C0 /* Geometry */,
				7CB7F55529A3F1B500A20694 /* NXAffineTransform */,
				7CB7F55829A3F1B500A20694 /* NXTransform3D */,
				7CB7F55F29A43C7400A20694 /* Runner */,
				7CEB969C29943982007483C0 /* UIApplication */,
				7CEB968A2993F78F007483C0 /* UIColor */,
				7CEB96A0299509B8007483C0 /* Utils */,
				7CEB969329941288007483C0 /* main.cpp */,
				7C0798222993EE53004E8EC8 /* SDLTest.entitlements */,
			);
			path = SDLTest;
			sourceTree = "<group>";
		};
		7C0798232993F1D4004E8EC8 /* CALayer */ = {
			isa = PBXGroup;
			children = (
				7C0798252993F1E4004E8EC8 /* CALayer.hpp */,
				7C0798242993F1E4004E8EC8 /* CALayer.cpp */,
			);
			path = CALayer;
			sourceTree = "<group>";
		};
		7C0798272993F251004E8EC8 /* CGImage */ = {
			isa = PBXGroup;
			children = (
				7C0798292993F25C004E8EC8 /* CGImage.hpp */,
				7C0798282993F25C004E8EC8 /* CGImage.cpp */,
			);
			path = CGImage;
			sourceTree = "<group>";
		};
		7C82D56729AEC01C005079B8 /* SDLTest-iOS */ = {
			isa = PBXGroup;
			children = (
				7C82D57429AEC01E005079B8 /* Assets.xcassets */,
				7C82D57629AEC01E005079B8 /* LaunchScreen.storyboard */,
				7C82D57929AEC01E005079B8 /* Info.plist */,
			);
			path = "SDLTest-iOS";
			sourceTree = "<group>";
		};
		7C82D58629AEC253005079B8 /* Products */ = {
			isa = PBXGroup;
			children = (
				7C82D59429AEC253005079B8 /* SDL2.framework */,
				7C82D59629AEC253005079B8 /* SDL2.framework */,
				7C82D59829AEC253005079B8 /* SDL2.framework */,
				7C82D59A29AEC253005079B8 /* SDL2.framework */,
				7C82D59C29AEC253005079B8 /* libSDL2.a */,
				7C82D59E29AEC253005079B8 /* libSDL2.a */,
				7C82D5A029AEC253005079B8 /* libSDL2.a */,
				7C82D5A229AEC253005079B8 /* libSDL2.dylib */,
				7C82D5A429AEC253005079B8 /* libSDL2.dylib */,
				7C82D5A629AEC253005079B8 /* libSDL2.dylib */,
				7C82D5A829AEC253005079B8 /* SDL2 */,
			);
			name = Products;
			sourceTree = "<group>";
		};
		7CB7F3CA29A3D45F00A20694 /* extern */ = {
			isa = PBXGroup;
			children = (
				7C82D58529AEC253005079B8 /* SDL.xcodeproj */,
				7CB7F3CB29A3D45F00A20694 /* sdl-gpu */,
			);
			path = extern;
			sourceTree = "<group>";
		};
		7CB7F3CB29A3D45F00A20694 /* sdl-gpu */ = {
			isa = PBXGroup;
			children = (
				7CB7F3D729A3D45F00A20694 /* include */,
				7CB7F48D29A3D45F00A20694 /* demos */,
				7CB7F4B329A3D45F00A20694 /* src */,
			);
			path = "sdl-gpu";
			sourceTree = "<group>";
		};
		7CB7F3D729A3D45F00A20694 /* include */ = {
			isa = PBXGroup;
			children = (
				7CB7F3D829A3D45F00A20694 /* SDL_gpu_RendererImpl.h */,
				7CB7F3D929A3D45F00A20694 /* SDL_gpu_version.h */,
				7CB7F3DA29A3D45F00A20694 /* SDL_gpu_OpenGL_1_BASE.h */,
				7CB7F3DB29A3D45F00A20694 /* SDL_gpu_OpenGL_2.h */,
				7CB7F3DC29A3D45F00A20694 /* SDL_gpu_GLES_2.h */,
				7CB7F3DD29A3D45F00A20694 /* SDL_gpu_OpenGL_1.h */,
				7CB7F3DE29A3D45F00A20694 /* SDL_gpu_GLES_1.h */,
				7CB7F3DF29A3D45F00A20694 /* SDL_gpu.h */,
				7CB7F3E029A3D45F00A20694 /* SDL_gpu_OpenGL_4.h */,
				7CB7F3E129A3D45F00A20694 /* SDL_gpu_GLES_3.h */,
				7CB7F3E229A3D45F00A20694 /* SDL_gpu_OpenGL_3.h */,
			);
			path = include;
			sourceTree = "<group>";
		};
		7CB7F48D29A3D45F00A20694 /* demos */ = {
			isa = PBXGroup;
			children = (
				7CB7F48E29A3D45F00A20694 /* init */,
				7CB7F49029A3D45F00A20694 /* 3d */,
				7CB7F49229A3D45F00A20694 /* CMakeLists.txt */,
				7CB7F49329A3D45F00A20694 /* camera */,
				7CB7F49529A3D45F00A20694 /* simple-shader */,
				7CB7F49729A3D45F00A20694 /* tutorial-space */,
				7CB7F49929A3D45F00A20694 /* data */,
				7CB7F4A829A3D45F00A20694 /* nanovg */,
			);
			path = demos;
			sourceTree = "<group>";
		};
		7CB7F48E29A3D45F00A20694 /* init */ = {
			isa = PBXGroup;
			children = (
				7CB7F48F29A3D45F00A20694 /* main.c */,
			);
			path = init;
			sourceTree = "<group>";
		};
		7CB7F49029A3D45F00A20694 /* 3d */ = {
			isa = PBXGroup;
			children = (
				7CB7F49129A3D45F00A20694 /* main.c */,
			);
			path = 3d;
			sourceTree = "<group>";
		};
		7CB7F49329A3D45F00A20694 /* camera */ = {
			isa = PBXGroup;
			children = (
				7CB7F49429A3D45F00A20694 /* main.c */,
			);
			path = camera;
			sourceTree = "<group>";
		};
		7CB7F49529A3D45F00A20694 /* simple-shader */ = {
			isa = PBXGroup;
			children = (
				7CB7F49629A3D45F00A20694 /* main.c */,
			);
			path = "simple-shader";
			sourceTree = "<group>";
		};
		7CB7F49729A3D45F00A20694 /* tutorial-space */ = {
			isa = PBXGroup;
			children = (
				7CB7F49829A3D45F00A20694 /* main.c */,
			);
			path = "tutorial-space";
			sourceTree = "<group>";
		};
		7CB7F49929A3D45F00A20694 /* data */ = {
			isa = PBXGroup;
			children = (
				7CB7F49A29A3D45F00A20694 /* test.bmp */,
				7CB7F49B29A3D45F00A20694 /* comic14.png */,
				7CB7F49C29A3D45F00A20694 /* test3.png */,
				7CB7F49D29A3D45F00A20694 /* test2.png */,
				7CB7F49E29A3D45F00A20694 /* shaders */,
				7CB7F4A629A3D45F00A20694 /* tutorial-space */,
			);
			path = data;
			sourceTree = "<group>";
		};
		7CB7F49E29A3D45F00A20694 /* shaders */ = {
			isa = PBXGroup;
			children = (
				7CB7F49F29A3D45F00A20694 /* color.frag */,
				7CB7F4A029A3D45F00A20694 /* alpha_mask.frag */,
				7CB7F4A129A3D45F00A20694 /* untextured.vert */,
				7CB7F4A229A3D45F00A20694 /* marching_ants.frag */,
				7CB7F4A329A3D45F00A20694 /* common.frag */,
				7CB7F4A429A3D45F00A20694 /* common.vert */,
				7CB7F4A529A3D45F00A20694 /* untextured.frag */,
			);
			path = shaders;
			sourceTree = "<group>";
		};
		7CB7F4A629A3D45F00A20694 /* tutorial-space */ = {
			isa = PBXGroup;
			children = (
				7CB7F4A729A3D45F00A20694 /* ship.png */,
			);
			path = "tutorial-space";
			sourceTree = "<group>";
		};
		7CB7F4A829A3D45F00A20694 /* nanovg */ = {
			isa = PBXGroup;
			children = (
				7CB7F4A929A3D45F00A20694 /* main.c */,
			);
			path = nanovg;
			sourceTree = "<group>";
		};
		7CB7F4B329A3D45F00A20694 /* src */ = {
			isa = PBXGroup;
			children = (
				7CB7F55E29A41C4F00A20694 /* renderer_GL_common.inl */,
				7CB7F55D29A41C4F00A20694 /* renderer_shapes_GL_common.inl */,
				7CB7F4B429A3D45F00A20694 /* renderer_OpenGL_1_BASE.c */,
				7CB7F4B729A3D45F00A20694 /* renderer_OpenGL_3.c */,
				7CB7F4B829A3D45F00A20694 /* SDL_gpu.c */,
				7CB7F4B929A3D45F00A20694 /* SDL_gpu_matrix.c */,
				7CB7F4BA29A3D45F00A20694 /* SDL_gpu_renderer.c */,
				7CB7F4BC29A3D45F00A20694 /* externals */,
				7CB7F4CC29A3D45F00A20694 /* renderer_GLES_3.c */,
				7CB7F4CD29A3D45F00A20694 /* renderer_OpenGL_4.c */,
				7CB7F4CF29A3D45F00A20694 /* renderer_GLES_2.c */,
				7CB7F4D029A3D45F00A20694 /* SDL_gpu_shapes.c */,
				7CB7F4D129A3D45F00A20694 /* renderer_OpenGL_1.c */,
				7CB7F4D329A3D45F00A20694 /* renderer_GLES_1.c */,
				7CB7F4D429A3D45F00A20694 /* renderer_OpenGL_2.c */,
			);
			path = src;
			sourceTree = "<group>";
		};
		7CB7F4BC29A3D45F00A20694 /* externals */ = {
			isa = PBXGroup;
			children = (
				7CB7F4C029A3D45F00A20694 /* stb_image_write */,
				7CB7F4C329A3D45F00A20694 /* glew */,
				7CB7F4C929A3D45F00A20694 /* stb_image */,
			);
			path = externals;
			sourceTree = "<group>";
		};
		7CB7F4C029A3D45F00A20694 /* stb_image_write */ = {
			isa = PBXGroup;
			children = (
				7CB7F4C129A3D45F00A20694 /* stb_image_write.h */,
				7CB7F4C229A3D45F00A20694 /* stb_image_write.c */,
			);
			path = stb_image_write;
			sourceTree = "<group>";
		};
		7CB7F4C329A3D45F00A20694 /* glew */ = {
			isa = PBXGroup;
			children = (
				7CB7F4C429A3D45F00A20694 /* glew.c */,
				7CB7F4C529A3D45F00A20694 /* GL */,
			);
			path = glew;
			sourceTree = "<group>";
		};
		7CB7F4C529A3D45F00A20694 /* GL */ = {
			isa = PBXGroup;
			children = (
				7CB7F4C629A3D45F00A20694 /* glxew.h */,
				7CB7F4C729A3D45F00A20694 /* wglew.h */,
				7CB7F4C829A3D45F00A20694 /* glew.h */,
			);
			path = GL;
			sourceTree = "<group>";
		};
		7CB7F4C929A3D45F00A20694 /* stb_image */ = {
			isa = PBXGroup;
			children = (
				7CB7F4CA29A3D45F00A20694 /* stb_image.c */,
				7CB7F4CB29A3D45F00A20694 /* stb_image.h */,
			);
			path = stb_image;
			sourceTree = "<group>";
		};
		7CB7F52629A3D5F400A20694 /* Frameworks */ = {
			isa = PBXGroup;
			children = (
				7C82D5E729AEC892005079B8 /* QuartzCore.framework */,
				7C82D5E529AEC86A005079B8 /* AudioToolbox.framework */,
				7C82D5E229AEC838005079B8 /* AVFoundation.framework */,
				7C82D5E029AEC822005079B8 /* CoreMotion.framework */,
				7C82D5DE29AEC811005079B8 /* Metal.framework */,
				7C82D5DC29AEC7FD005079B8 /* Foundation.framework */,
				7C82D5DA29AEC7F6005079B8 /* UIKit.framework */,
				7C82D5D829AEC7EE005079B8 /* CoreHaptics.framework */,
				7C82D5D629AEC7D3005079B8 /* GameController.framework */,
				7C82D5D329AEC7B6005079B8 /* CoreAudio.framework */,
				7C82D5D129AEC7AA005079B8 /* CoreGraphics.framework */,
				7C82D5CF29AEC7A0005079B8 /* AVFAudio.framework */,
				7CB7F52729A3D5F400A20694 /* OpenGL.framework */,
			);
			name = Frameworks;
			sourceTree = "<group>";
		};
		7CB7F55529A3F1B500A20694 /* NXAffineTransform */ = {
			isa = PBXGroup;
			children = (
				7CB7F55729A3F1B500A20694 /* NXAffineTransform.hpp */,
				7CB7F55629A3F1B500A20694 /* NXAffineTransform.cpp */,
			);
			path = NXAffineTransform;
			sourceTree = "<group>";
		};
		7CB7F55829A3F1B500A20694 /* NXTransform3D */ = {
			isa = PBXGroup;
			children = (
				7CB7F55A29A3F1B500A20694 /* NXTransform3D.hpp */,
				7CB7F55929A3F1B500A20694 /* NXTransform3D.cpp */,
			);
			path = NXTransform3D;
			sourceTree = "<group>";
		};
		7CB7F55F29A43C7400A20694 /* Runner */ = {
			isa = PBXGroup;
			children = (
				7CB7F56129A43C8000A20694 /* Runner.hpp */,
				7CB7F56029A43C8000A20694 /* Runner.cpp */,
				7CD13F0D29AA437200D0FFF5 /* Start.h */,
				7CD13F0E29AA43B600D0FFF5 /* Start.cpp */,
			);
			path = Runner;
			sourceTree = "<group>";
		};
		7CD13F1029AA52BE00D0FFF5 /* CATextLayer */ = {
			isa = PBXGroup;
			children = (
				7CD13F1229AA52D600D0FFF5 /* CATextLayer.hpp */,
				7CD13F1129AA52D600D0FFF5 /* CATextLayer.cpp */,
			);
			path = CATextLayer;
			sourceTree = "<group>";
		};
		7CD13F1429AA561300D0FFF5 /* Data */ = {
			isa = PBXGroup;
			children = (
				7CD13F1629AA561B00D0FFF5 /* Data.hpp */,
				7CD13F1529AA561B00D0FFF5 /* Data.cpp */,
			);
			path = Data;
			sourceTree = "<group>";
		};
		7CD13F1829AB6DCD00D0FFF5 /* ContentsGravityTransformation */ = {
			isa = PBXGroup;
			children = (
				7CD13F1A29AB6DD900D0FFF5 /* ContentsGravityTransformation.hpp */,
				7CD13F1929AB6DD900D0FFF5 /* ContentsGravityTransformation.cpp */,
			);
			path = ContentsGravityTransformation;
			sourceTree = "<group>";
		};
		7CD13F1F29AE6A5C00D0FFF5 /* ShaderProgram */ = {
			isa = PBXGroup;
			children = (
				7CD13F2129AE6A6E00D0FFF5 /* ShaderProgram.hpp */,
				7CD13F2029AE6A6E00D0FFF5 /* ShaderProgram.cpp */,
			);
			path = ShaderProgram;
			sourceTree = "<group>";
		};
		7CD13F2329AE6AE000D0FFF5 /* Shader */ = {
			isa = PBXGroup;
			children = (
				7CD13F2529AE6AFC00D0FFF5 /* Shader.hpp */,
				7CD13F2429AE6AFC00D0FFF5 /* Shader.cpp */,
			);
			path = Shader;
			sourceTree = "<group>";
		};
		7CEB96862993F5CB007483C0 /* Geometry */ = {
			isa = PBXGroup;
			children = (
				7CEB96882993F5DB007483C0 /* Geometry.hpp */,
				7CEB96872993F5DB007483C0 /* Geometry.cpp */,
			);
			path = Geometry;
			sourceTree = "<group>";
		};
		7CEB968A2993F78F007483C0 /* UIColor */ = {
			isa = PBXGroup;
			children = (
				7CEB968C2993F799007483C0 /* UIColor.hpp */,
				7CEB968B2993F799007483C0 /* UIColor.cpp */,
			);
			path = UIColor;
			sourceTree = "<group>";
		};
		7CEB969C29943982007483C0 /* UIApplication */ = {
			isa = PBXGroup;
			children = (
				7CEB96922994037B007483C0 /* UIApplication.hpp */,
				7CEB969D29943993007483C0 /* UIApplication.cpp */,
			);
			path = UIApplication;
			sourceTree = "<group>";
		};
		7CEB96A0299509B8007483C0 /* Utils */ = {
			isa = PBXGroup;
			children = (
				7CEB96A2299509C5007483C0 /* Utils.hpp */,
				7CEB96A1299509C5007483C0 /* Utils.cpp */,
			);
			path = Utils;
			sourceTree = "<group>";
		};
/* End PBXGroup section */

/* Begin PBXNativeTarget section */
		7C0798172993E916004E8EC8 /* SDLTest */ = {
			isa = PBXNativeTarget;
			buildConfigurationList = 7C07981F2993E916004E8EC8 /* Build configuration list for PBXNativeTarget "SDLTest" */;
			buildPhases = (
				7C0798142993E916004E8EC8 /* Sources */,
				7C0798152993E916004E8EC8 /* Frameworks */,
				7C0798162993E916004E8EC8 /* CopyFiles */,
			);
			buildRules = (
			);
			dependencies = (
			);
			name = SDLTest;
			productName = SDLTest;
			productReference = 7C0798182993E916004E8EC8 /* SDLTest */;
			productType = "com.apple.product-type.tool";
		};
		7C82D56529AEC01C005079B8 /* SDLTest-iOS */ = {
			isa = PBXNativeTarget;
			buildConfigurationList = 7C82D57F29AEC01E005079B8 /* Build configuration list for PBXNativeTarget "SDLTest-iOS" */;
			buildPhases = (
				7C82D56229AEC01C005079B8 /* Sources */,
				7C82D56329AEC01C005079B8 /* Frameworks */,
				7C82D56429AEC01C005079B8 /* Resources */,
				7C82D5AB29AEC263005079B8 /* Embed Frameworks */,
			);
			buildRules = (
			);
			dependencies = (
			);
			name = "SDLTest-iOS";
			productName = "SDLTest-iOS";
			productReference = 7C82D56629AEC01C005079B8 /* SDLTest-iOS.app */;
			productType = "com.apple.product-type.application";
		};
/* End PBXNativeTarget section */

/* Begin PBXProject section */
		7C0798102993E916004E8EC8 /* Project object */ = {
			isa = PBXProject;
			attributes = {
				BuildIndependentTargetsInParallel = 1;
				LastUpgradeCheck = 1420;
				TargetAttributes = {
					7C0798172993E916004E8EC8 = {
						CreatedOnToolsVersion = 14.2;
					};
					7C82D56529AEC01C005079B8 = {
						CreatedOnToolsVersion = 14.2;
					};
				};
			};
			buildConfigurationList = 7C0798132993E916004E8EC8 /* Build configuration list for PBXProject "SDLTest" */;
			compatibilityVersion = "Xcode 14.0";
			developmentRegion = en;
			hasScannedForEncodings = 0;
			knownRegions = (
				en,
				Base,
			);
			mainGroup = 7C07980F2993E916004E8EC8;
			productRefGroup = 7C0798192993E916004E8EC8 /* Products */;
			projectDirPath = "";
			projectReferences = (
				{
					ProductGroup = 7C82D58629AEC253005079B8 /* Products */;
					ProjectRef = 7C82D58529AEC253005079B8 /* SDL.xcodeproj */;
				},
			);
			projectRoot = "";
			targets = (
				7C0798172993E916004E8EC8 /* SDLTest */,
				7C82D56529AEC01C005079B8 /* SDLTest-iOS */,
			);
		};
/* End PBXProject section */

/* Begin PBXReferenceProxy section */
		7C82D59429AEC253005079B8 /* SDL2.framework */ = {
			isa = PBXReferenceProxy;
			fileType = wrapper.framework;
			path = SDL2.framework;
			remoteRef = 7C82D59329AEC253005079B8 /* PBXContainerItemProxy */;
			sourceTree = BUILT_PRODUCTS_DIR;
		};
		7C82D59629AEC253005079B8 /* SDL2.framework */ = {
			isa = PBXReferenceProxy;
			fileType = wrapper.framework;
			path = SDL2.framework;
			remoteRef = 7C82D59529AEC253005079B8 /* PBXContainerItemProxy */;
			sourceTree = BUILT_PRODUCTS_DIR;
		};
		7C82D59829AEC253005079B8 /* SDL2.framework */ = {
			isa = PBXReferenceProxy;
			fileType = wrapper.framework;
			path = SDL2.framework;
			remoteRef = 7C82D59729AEC253005079B8 /* PBXContainerItemProxy */;
			sourceTree = BUILT_PRODUCTS_DIR;
		};
		7C82D59A29AEC253005079B8 /* SDL2.framework */ = {
			isa = PBXReferenceProxy;
			fileType = wrapper.framework;
			path = SDL2.framework;
			remoteRef = 7C82D59929AEC253005079B8 /* PBXContainerItemProxy */;
			sourceTree = BUILT_PRODUCTS_DIR;
		};
		7C82D59C29AEC253005079B8 /* libSDL2.a */ = {
			isa = PBXReferenceProxy;
			fileType = archive.ar;
			path = libSDL2.a;
			remoteRef = 7C82D59B29AEC253005079B8 /* PBXContainerItemProxy */;
			sourceTree = BUILT_PRODUCTS_DIR;
		};
		7C82D59E29AEC253005079B8 /* libSDL2.a */ = {
			isa = PBXReferenceProxy;
			fileType = archive.ar;
			path = libSDL2.a;
			remoteRef = 7C82D59D29AEC253005079B8 /* PBXContainerItemProxy */;
			sourceTree = BUILT_PRODUCTS_DIR;
		};
		7C82D5A029AEC253005079B8 /* libSDL2.a */ = {
			isa = PBXReferenceProxy;
			fileType = archive.ar;
			path = libSDL2.a;
			remoteRef = 7C82D59F29AEC253005079B8 /* PBXContainerItemProxy */;
			sourceTree = BUILT_PRODUCTS_DIR;
		};
		7C82D5A229AEC253005079B8 /* libSDL2.dylib */ = {
			isa = PBXReferenceProxy;
			fileType = "compiled.mach-o.dylib";
			path = libSDL2.dylib;
			remoteRef = 7C82D5A129AEC253005079B8 /* PBXContainerItemProxy */;
			sourceTree = BUILT_PRODUCTS_DIR;
		};
		7C82D5A429AEC253005079B8 /* libSDL2.dylib */ = {
			isa = PBXReferenceProxy;
			fileType = "compiled.mach-o.dylib";
			path = libSDL2.dylib;
			remoteRef = 7C82D5A329AEC253005079B8 /* PBXContainerItemProxy */;
			sourceTree = BUILT_PRODUCTS_DIR;
		};
		7C82D5A629AEC253005079B8 /* libSDL2.dylib */ = {
			isa = PBXReferenceProxy;
			fileType = "compiled.mach-o.dylib";
			path = libSDL2.dylib;
			remoteRef = 7C82D5A529AEC253005079B8 /* PBXContainerItemProxy */;
			sourceTree = BUILT_PRODUCTS_DIR;
		};
		7C82D5A829AEC253005079B8 /* SDL2 */ = {
			isa = PBXReferenceProxy;
			fileType = "compiled.mach-o.executable";
			path = SDL2;
			remoteRef = 7C82D5A729AEC253005079B8 /* PBXContainerItemProxy */;
			sourceTree = BUILT_PRODUCTS_DIR;
		};
/* End PBXReferenceProxy section */

/* Begin PBXResourcesBuildPhase section */
		7C82D56429AEC01C005079B8 /* Resources */ = {
			isa = PBXResourcesBuildPhase;
			buildActionMask = 2147483647;
			files = (
				7C82D57829AEC01E005079B8 /* LaunchScreen.storyboard in Resources */,
				7C82D57529AEC01E005079B8 /* Assets.xcassets in Resources */,
				7C82D5EC29AECC85005079B8 /* assets in Resources */,
			);
			runOnlyForDeploymentPostprocessing = 0;
		};
/* End PBXResourcesBuildPhase section */

/* Begin PBXSourcesBuildPhase section */
		7C0798142993E916004E8EC8 /* Sources */ = {
			isa = PBXSourcesBuildPhase;
			buildActionMask = 2147483647;
			files = (
				7CEB968D2993F799007483C0 /* UIColor.cpp in Sources */,
				7CB7F54A29A3D89C00A20694 /* renderer_OpenGL_3.c in Sources */,
				7CB7F54829A3D89C00A20694 /* renderer_OpenGL_1.c in Sources */,
				7CD13F2629AE6AFC00D0FFF5 /* Shader.cpp in Sources */,
				7CEB96892993F5DB007483C0 /* Geometry.cpp in Sources */,
				7CD13F1B29AB6DD900D0FFF5 /* ContentsGravityTransformation.cpp in Sources */,
				7CB7F51C29A3D45F00A20694 /* stb_image_write.c in Sources */,
				7CB7F54B29A3D89C00A20694 /* renderer_OpenGL_4.c in Sources */,
				7CB7F56229A43C8000A20694 /* Runner.cpp in Sources */,
				7CEB96A3299509C5007483C0 /* Utils.cpp in Sources */,
				7CD13F0F29AA43B600D0FFF5 /* Start.cpp in Sources */,
				7CB7F54729A3D83F00A20694 /* SDL_gpu_matrix.c in Sources */,
				7CB7F54C29A3D89C00A20694 /* renderer_OpenGL_2.c in Sources */,
				7C20BD5229A4F08300646CD7 /* glew.c in Sources */,
				7C07982A2993F25C004E8EC8 /* CGImage.cpp in Sources */,
				7CB7F55029A3D89C00A20694 /* renderer_OpenGL_1_BASE.c in Sources */,
				7CB7F54D29A3D89C00A20694 /* renderer_GLES_3.c in Sources */,
				7CB7F54929A3D89C00A20694 /* renderer_GLES_1.c in Sources */,
				7CB7F54529A3D83400A20694 /* SDL_gpu.c in Sources */,
				7CEB969E29943993007483C0 /* UIApplication.cpp in Sources */,
				7CB7F54E29A3D89C00A20694 /* renderer_GLES_2.c in Sources */,
				7C20BD5829A67D6000646CD7 /* main.cpp in Sources */,
				7CD13F2229AE6A6E00D0FFF5 /* ShaderProgram.cpp in Sources */,
				7CB7F55B29A3F1B500A20694 /* NXAffineTransform.cpp in Sources */,
				7CB7F55C29A3F1B500A20694 /* NXTransform3D.cpp in Sources */,
				7CEB969F29943A95007483C0 /* CALayer.cpp in Sources */,
				7CD13F1729AA561B00D0FFF5 /* Data.cpp in Sources */,
				7CB7F51E29A3D45F00A20694 /* stb_image.c in Sources */,
				7CD13F1329AA52D600D0FFF5 /* CATextLayer.cpp in Sources */,
				7CB7F54F29A3D89C00A20694 /* SDL_gpu_shapes.c in Sources */,
				7CB7F54629A3D83F00A20694 /* SDL_gpu_renderer.c in Sources */,
			);
			runOnlyForDeploymentPostprocessing = 0;
		};
		7C82D56229AEC01C005079B8 /* Sources */ = {
			isa = PBXSourcesBuildPhase;
			buildActionMask = 2147483647;
			files = (
				7C82D5C429AEC422005079B8 /* CATextLayer.cpp in Sources */,
				7C82D5B429AEC28B005079B8 /* renderer_GLES_3.c in Sources */,
				7C82D5B329AEC28B005079B8 /* SDL_gpu.c in Sources */,
				7C82D5CA29AEC422005079B8 /* Shader.cpp in Sources */,
				7C82D5BB29AEC422005079B8 /* ContentsGravityTransformation.cpp in Sources */,
				7C82D5BE29AEC422005079B8 /* Data.cpp in Sources */,
				7C82D5C529AEC422005079B8 /* Geometry.cpp in Sources */,
				7C82D5BA29AEC28B005079B8 /* SDL_gpu_shapes.c in Sources */,
				7C82D5BD29AEC422005079B8 /* CGImage.cpp in Sources */,
				7C82D5C129AEC422005079B8 /* Utils.cpp in Sources */,
				7C82D5C029AEC422005079B8 /* UIApplication.cpp in Sources */,
				7C82D5B529AEC28B005079B8 /* renderer_GLES_1.c in Sources */,
				7C82D5B129AEC28B005079B8 /* renderer_OpenGL_1.c in Sources */,
				7C82D5B729AEC28B005079B8 /* stb_image.c in Sources */,
				7C82D5AF29AEC28B005079B8 /* SDL_gpu_matrix.c in Sources */,
				7C82D5CB29AEC442005079B8 /* main.cpp in Sources */,
				7C82D5B629AEC28B005079B8 /* SDL_gpu_renderer.c in Sources */,
				7C82D5C329AEC422005079B8 /* ShaderProgram.cpp in Sources */,
				7C82D5B229AEC28B005079B8 /* stb_image_write.c in Sources */,
				7C82D5B029AEC28B005079B8 /* glew.c in Sources */,
				7C82D5AE29AEC28B005079B8 /* renderer_GLES_2.c in Sources */,
				7C82D5B929AEC28B005079B8 /* renderer_OpenGL_4.c in Sources */,
				7C82D5AC29AEC28A005079B8 /* renderer_OpenGL_2.c in Sources */,
				7C82D5C729AEC422005079B8 /* UIColor.cpp in Sources */,
				7C82D5B829AEC28B005079B8 /* renderer_OpenGL_1_BASE.c in Sources */,
				7C82D5BF29AEC422005079B8 /* Runner.cpp in Sources */,
				7C82D5BC29AEC422005079B8 /* NXTransform3D.cpp in Sources */,
				7C82D5C629AEC422005079B8 /* CALayer.cpp in Sources */,
				7C82D5C229AEC422005079B8 /* NXAffineTransform.cpp in Sources */,
				7C82D5AD29AEC28A005079B8 /* renderer_OpenGL_3.c in Sources */,
				7C82D5C829AEC422005079B8 /* Start.cpp in Sources */,
			);
			runOnlyForDeploymentPostprocessing = 0;
		};
/* End PBXSourcesBuildPhase section */

/* Begin PBXVariantGroup section */
		7C82D57629AEC01E005079B8 /* LaunchScreen.storyboard */ = {
			isa = PBXVariantGroup;
			children = (
				7C82D57729AEC01E005079B8 /* Base */,
			);
			name = LaunchScreen.storyboard;
			sourceTree = "<group>";
		};
/* End PBXVariantGroup section */

/* Begin XCBuildConfiguration section */
		7C07981D2993E916004E8EC8 /* Debug */ = {
			isa = XCBuildConfiguration;
			buildSettings = {
				ALWAYS_SEARCH_USER_PATHS = NO;
				CLANG_ANALYZER_NONNULL = YES;
				CLANG_ANALYZER_NUMBER_OBJECT_CONVERSION = YES_AGGRESSIVE;
				CLANG_CXX_LANGUAGE_STANDARD = "c++20";
				CLANG_ENABLE_OBJC_ARC = YES;
				CLANG_ENABLE_OBJC_WEAK = YES;
				CLANG_WARN_BLOCK_CAPTURE_AUTORELEASING = YES;
				CLANG_WARN_BOOL_CONVERSION = YES;
				CLANG_WARN_COMMA = YES;
				CLANG_WARN_CONSTANT_CONVERSION = YES;
				CLANG_WARN_DEPRECATED_OBJC_IMPLEMENTATIONS = YES;
				CLANG_WARN_DIRECT_OBJC_ISA_USAGE = YES_ERROR;
				CLANG_WARN_DOCUMENTATION_COMMENTS = YES;
				CLANG_WARN_EMPTY_BODY = YES;
				CLANG_WARN_ENUM_CONVERSION = YES;
				CLANG_WARN_INFINITE_RECURSION = YES;
				CLANG_WARN_INT_CONVERSION = YES;
				CLANG_WARN_NON_LITERAL_NULL_CONVERSION = YES;
				CLANG_WARN_OBJC_IMPLICIT_RETAIN_SELF = YES;
				CLANG_WARN_OBJC_LITERAL_CONVERSION = YES;
				CLANG_WARN_OBJC_ROOT_CLASS = YES_ERROR;
				CLANG_WARN_QUOTED_INCLUDE_IN_FRAMEWORK_HEADER = YES;
				CLANG_WARN_RANGE_LOOP_ANALYSIS = YES;
				CLANG_WARN_STRICT_PROTOTYPES = YES;
				CLANG_WARN_SUSPICIOUS_MOVE = YES;
				CLANG_WARN_UNGUARDED_AVAILABILITY = YES_AGGRESSIVE;
				CLANG_WARN_UNREACHABLE_CODE = YES;
				CLANG_WARN__DUPLICATE_METHOD_MATCH = YES;
				COPY_PHASE_STRIP = NO;
				DEBUG_INFORMATION_FORMAT = dwarf;
				ENABLE_STRICT_OBJC_MSGSEND = YES;
				ENABLE_TESTABILITY = YES;
				GCC_C_LANGUAGE_STANDARD = gnu11;
				GCC_DYNAMIC_NO_PIC = NO;
				GCC_NO_COMMON_BLOCKS = YES;
				GCC_OPTIMIZATION_LEVEL = 0;
				GCC_PREPROCESSOR_DEFINITIONS = (
					"DEBUG=1",
					"$(inherited)",
				);
				GCC_WARN_64_TO_32_BIT_CONVERSION = YES;
				GCC_WARN_ABOUT_RETURN_TYPE = YES_ERROR;
				GCC_WARN_UNDECLARED_SELECTOR = YES;
				GCC_WARN_UNINITIALIZED_AUTOS = YES_AGGRESSIVE;
				GCC_WARN_UNUSED_FUNCTION = YES;
				GCC_WARN_UNUSED_VARIABLE = YES;
				HEADER_SEARCH_PATHS = (
					SDLTest,
					"extern/sdl-gpu/include",
					"extern/sdl-gpu/src/externals/glew/GL",
				);
				MACOSX_DEPLOYMENT_TARGET = 13.0;
				MTL_ENABLE_DEBUG_INFO = INCLUDE_SOURCE;
				MTL_FAST_MATH = YES;
				ONLY_ACTIVE_ARCH = YES;
				SDKROOT = macosx;
			};
			name = Debug;
		};
		7C07981E2993E916004E8EC8 /* Release */ = {
			isa = XCBuildConfiguration;
			buildSettings = {
				ALWAYS_SEARCH_USER_PATHS = NO;
				CLANG_ANALYZER_NONNULL = YES;
				CLANG_ANALYZER_NUMBER_OBJECT_CONVERSION = YES_AGGRESSIVE;
				CLANG_CXX_LANGUAGE_STANDARD = "c++20";
				CLANG_ENABLE_OBJC_ARC = YES;
				CLANG_ENABLE_OBJC_WEAK = YES;
				CLANG_WARN_BLOCK_CAPTURE_AUTORELEASING = YES;
				CLANG_WARN_BOOL_CONVERSION = YES;
				CLANG_WARN_COMMA = YES;
				CLANG_WARN_CONSTANT_CONVERSION = YES;
				CLANG_WARN_DEPRECATED_OBJC_IMPLEMENTATIONS = YES;
				CLANG_WARN_DIRECT_OBJC_ISA_USAGE = YES_ERROR;
				CLANG_WARN_DOCUMENTATION_COMMENTS = YES;
				CLANG_WARN_EMPTY_BODY = YES;
				CLANG_WARN_ENUM_CONVERSION = YES;
				CLANG_WARN_INFINITE_RECURSION = YES;
				CLANG_WARN_INT_CONVERSION = YES;
				CLANG_WARN_NON_LITERAL_NULL_CONVERSION = YES;
				CLANG_WARN_OBJC_IMPLICIT_RETAIN_SELF = YES;
				CLANG_WARN_OBJC_LITERAL_CONVERSION = YES;
				CLANG_WARN_OBJC_ROOT_CLASS = YES_ERROR;
				CLANG_WARN_QUOTED_INCLUDE_IN_FRAMEWORK_HEADER = YES;
				CLANG_WARN_RANGE_LOOP_ANALYSIS = YES;
				CLANG_WARN_STRICT_PROTOTYPES = YES;
				CLANG_WARN_SUSPICIOUS_MOVE = YES;
				CLANG_WARN_UNGUARDED_AVAILABILITY = YES_AGGRESSIVE;
				CLANG_WARN_UNREACHABLE_CODE = YES;
				CLANG_WARN__DUPLICATE_METHOD_MATCH = YES;
				COPY_PHASE_STRIP = NO;
				DEBUG_INFORMATION_FORMAT = "dwarf-with-dsym";
				ENABLE_NS_ASSERTIONS = NO;
				ENABLE_STRICT_OBJC_MSGSEND = YES;
				GCC_C_LANGUAGE_STANDARD = gnu11;
				GCC_NO_COMMON_BLOCKS = YES;
				GCC_WARN_64_TO_32_BIT_CONVERSION = YES;
				GCC_WARN_ABOUT_RETURN_TYPE = YES_ERROR;
				GCC_WARN_UNDECLARED_SELECTOR = YES;
				GCC_WARN_UNINITIALIZED_AUTOS = YES_AGGRESSIVE;
				GCC_WARN_UNUSED_FUNCTION = YES;
				GCC_WARN_UNUSED_VARIABLE = YES;
				HEADER_SEARCH_PATHS = (
					SDLTest,
					"extern/sdl-gpu/include",
					"extern/sdl-gpu/src/externals/glew/GL",
				);
				MACOSX_DEPLOYMENT_TARGET = 13.0;
				MTL_ENABLE_DEBUG_INFO = NO;
				MTL_FAST_MATH = YES;
				SDKROOT = macosx;
			};
			name = Release;
		};
		7C0798202993E916004E8EC8 /* Debug */ = {
			isa = XCBuildConfiguration;
			buildSettings = {
				CODE_SIGN_ENTITLEMENTS = SDLTest/SDLTest.entitlements;
				CODE_SIGN_STYLE = Automatic;
				DEVELOPMENT_TEAM = D59DHVRS87;
				ENABLE_HARDENED_RUNTIME = YES;
				HEADER_SEARCH_PATHS = (
					SDLTest,
					"extern/sdl-gpu/include",
					"extern/sdl-gpu/src/externals/glew/GL",
					/opt/homebrew/include,
				);
				LIBRARY_SEARCH_PATHS = /opt/homebrew/lib;
				OTHER_CFLAGS = (
					"-DSDL_GPU_DISABLE_GLES",
					"-DRESIZABLE_SCREEN",
				);
				OTHER_LDFLAGS = "-lSDL2";
				PRODUCT_NAME = "$(TARGET_NAME)";
			};
			name = Debug;
		};
		7C0798212993E916004E8EC8 /* Release */ = {
			isa = XCBuildConfiguration;
			buildSettings = {
				CODE_SIGN_ENTITLEMENTS = SDLTest/SDLTest.entitlements;
				CODE_SIGN_STYLE = Automatic;
				DEVELOPMENT_TEAM = D59DHVRS87;
				ENABLE_HARDENED_RUNTIME = YES;
				HEADER_SEARCH_PATHS = (
					SDLTest,
					"extern/sdl-gpu/include",
					"extern/sdl-gpu/src/externals/glew/GL",
					/opt/homebrew/include,
				);
				LIBRARY_SEARCH_PATHS = /opt/homebrew/lib;
				OTHER_CFLAGS = (
					"-DSDL_GPU_DISABLE_GLES",
					"-DRESIZABLE_SCREEN",
				);
				OTHER_LDFLAGS = "-lSDL2";
				PRODUCT_NAME = "$(TARGET_NAME)";
			};
			name = Release;
		};
		7C82D58029AEC01E005079B8 /* Debug */ = {
			isa = XCBuildConfiguration;
			buildSettings = {
				ASSETCATALOG_COMPILER_APPICON_NAME = AppIcon;
				ASSETCATALOG_COMPILER_GLOBAL_ACCENT_COLOR_NAME = AccentColor;
				CLANG_CXX_LANGUAGE_STANDARD = "gnu++20";
				CLANG_ENABLE_MODULES = YES;
				CODE_SIGN_STYLE = Automatic;
				CURRENT_PROJECT_VERSION = 1;
				DEVELOPMENT_TEAM = D59DHVRS87;
				GENERATE_INFOPLIST_FILE = YES;
				HEADER_SEARCH_PATHS = (
					SDLTest,
					"extern/sdl-gpu/include",
					"extern/sdl-gpu/src/externals/glew/GL",
					"\"$(SRCROOT)/extern/SDL-Headers\"",
				);
				INFOPLIST_FILE = "SDLTest-iOS/Info.plist";
				INFOPLIST_KEY_UIApplicationSupportsIndirectInputEvents = YES;
				INFOPLIST_KEY_UILaunchStoryboardName = LaunchScreen;
				INFOPLIST_KEY_UISupportedInterfaceOrientations_iPad = "UIInterfaceOrientationPortrait UIInterfaceOrientationPortraitUpsideDown UIInterfaceOrientationLandscapeLeft UIInterfaceOrientationLandscapeRight";
				INFOPLIST_KEY_UISupportedInterfaceOrientations_iPhone = "UIInterfaceOrientationPortrait UIInterfaceOrientationLandscapeLeft UIInterfaceOrientationLandscapeRight";
				IPHONEOS_DEPLOYMENT_TARGET = 13.0;
				LD_RUNPATH_SEARCH_PATHS = (
					"$(inherited)",
					"@executable_path/Frameworks",
				);
				MARKETING_VERSION = 1.0;
				OTHER_CFLAGS = (
					"-DSDL_GPU_DISABLE_OPENGL",
					"-DSDL_GPU_DISABLE_GLES3",
					"-DSDL_GPU_DISABLE_GLES1",
				);
				PRODUCT_BUNDLE_IDENTIFIER = "ru.xitrix.SDLTest-iOS";
				PRODUCT_NAME = "$(TARGET_NAME)";
				SDKROOT = iphoneos;
				SWIFT_EMIT_LOC_STRINGS = YES;
				TARGETED_DEVICE_FAMILY = "1,2";
			};
			name = Debug;
		};
		7C82D58129AEC01E005079B8 /* Release */ = {
			isa = XCBuildConfiguration;
			buildSettings = {
				ASSETCATALOG_COMPILER_APPICON_NAME = AppIcon;
				ASSETCATALOG_COMPILER_GLOBAL_ACCENT_COLOR_NAME = AccentColor;
				CLANG_CXX_LANGUAGE_STANDARD = "gnu++20";
				CLANG_ENABLE_MODULES = YES;
				CODE_SIGN_STYLE = Automatic;
				CURRENT_PROJECT_VERSION = 1;
				DEVELOPMENT_TEAM = D59DHVRS87;
				GENERATE_INFOPLIST_FILE = YES;
				HEADER_SEARCH_PATHS = (
					SDLTest,
					"extern/sdl-gpu/include",
					"extern/sdl-gpu/src/externals/glew/GL",
					"\"$(SRCROOT)/extern/SDL-Headers\"",
				);
				INFOPLIST_FILE = "SDLTest-iOS/Info.plist";
				INFOPLIST_KEY_UIApplicationSupportsIndirectInputEvents = YES;
				INFOPLIST_KEY_UILaunchStoryboardName = LaunchScreen;
				INFOPLIST_KEY_UISupportedInterfaceOrientations_iPad = "UIInterfaceOrientationPortrait UIInterfaceOrientationPortraitUpsideDown UIInterfaceOrientationLandscapeLeft UIInterfaceOrientationLandscapeRight";
				INFOPLIST_KEY_UISupportedInterfaceOrientations_iPhone = "UIInterfaceOrientationPortrait UIInterfaceOrientationLandscapeLeft UIInterfaceOrientationLandscapeRight";
				IPHONEOS_DEPLOYMENT_TARGET = 13.0;
				LD_RUNPATH_SEARCH_PATHS = (
					"$(inherited)",
					"@executable_path/Frameworks",
				);
				MARKETING_VERSION = 1.0;
				OTHER_CFLAGS = (
					"-DSDL_GPU_DISABLE_OPENGL",
					"-DSDL_GPU_DISABLE_GLES3",
					"-DSDL_GPU_DISABLE_GLES1",
				);
				PRODUCT_BUNDLE_IDENTIFIER = "ru.xitrix.SDLTest-iOS";
				PRODUCT_NAME = "$(TARGET_NAME)";
				SDKROOT = iphoneos;
				SWIFT_EMIT_LOC_STRINGS = YES;
				TARGETED_DEVICE_FAMILY = "1,2";
				VALIDATE_PRODUCT = YES;
			};
			name = Release;
		};
/* End XCBuildConfiguration section */

/* Begin XCConfigurationList section */
		7C0798132993E916004E8EC8 /* Build configuration list for PBXProject "SDLTest" */ = {
			isa = XCConfigurationList;
			buildConfigurations = (
				7C07981D2993E916004E8EC8 /* Debug */,
				7C07981E2993E916004E8EC8 /* Release */,
			);
			defaultConfigurationIsVisible = 0;
			defaultConfigurationName = Release;
		};
		7C07981F2993E916004E8EC8 /* Build configuration list for PBXNativeTarget "SDLTest" */ = {
			isa = XCConfigurationList;
			buildConfigurations = (
				7C0798202993E916004E8EC8 /* Debug */,
				7C0798212993E916004E8EC8 /* Release */,
			);
			defaultConfigurationIsVisible = 0;
			defaultConfigurationName = Release;
		};
		7C82D57F29AEC01E005079B8 /* Build configuration list for PBXNativeTarget "SDLTest-iOS" */ = {
			isa = XCConfigurationList;
			buildConfigurations = (
				7C82D58029AEC01E005079B8 /* Debug */,
				7C82D58129AEC01E005079B8 /* Release */,
			);
			defaultConfigurationIsVisible = 0;
			defaultConfigurationName = Release;
		};
/* End XCConfigurationList section */
	};
	rootObject = 7C0798102993E916004E8EC8 /* Project object */;
}
