// !$*UTF8*$!
{
	archiveVersion = 1;
	classes = {
	};
	objectVersion = 56;
	objects = {

/* Begin PBXBuildFile section */
		7C07982A2993F25C004E8EC8 /* CGImage.cpp in Sources */ = {isa = PBXBuildFile; fileRef = 7C0798282993F25C004E8EC8 /* CGImage.cpp */; };
		7CEB96892993F5DB007483C0 /* Geometry.cpp in Sources */ = {isa = PBXBuildFile; fileRef = 7CEB96872993F5DB007483C0 /* Geometry.cpp */; };
		7CEB968D2993F799007483C0 /* UIColor.cpp in Sources */ = {isa = PBXBuildFile; fileRef = 7CEB968B2993F799007483C0 /* UIColor.cpp */; };
		7CEB969B29941C94007483C0 /* main2.cpp in Sources */ = {isa = PBXBuildFile; fileRef = 7CEB969329941288007483C0 /* main2.cpp */; };
		7CEB969E29943993007483C0 /* UIApplication.cpp in Sources */ = {isa = PBXBuildFile; fileRef = 7CEB969D29943993007483C0 /* UIApplication.cpp */; };
		7CEB969F29943A95007483C0 /* CALayer.cpp in Sources */ = {isa = PBXBuildFile; fileRef = 7C0798242993F1E4004E8EC8 /* CALayer.cpp */; };
		7CEB96A3299509C5007483C0 /* Utils.cpp in Sources */ = {isa = PBXBuildFile; fileRef = 7CEB96A1299509C5007483C0 /* Utils.cpp */; };
/* End PBXBuildFile section */

/* Begin PBXCopyFilesBuildPhase section */
		7C0798162993E916004E8EC8 /* CopyFiles */ = {
			isa = PBXCopyFilesBuildPhase;
			buildActionMask = 2147483647;
			dstPath = /usr/share/man/man1/;
			dstSubfolderSpec = 0;
			files = (
			);
			runOnlyForDeploymentPostprocessing = 1;
		};
/* End PBXCopyFilesBuildPhase section */

/* Begin PBXFileReference section */
		7C0798182993E916004E8EC8 /* SDLTest */ = {isa = PBXFileReference; explicitFileType = "compiled.mach-o.executable"; includeInIndex = 0; path = SDLTest; sourceTree = BUILT_PRODUCTS_DIR; };
		7C07981B2993E916004E8EC8 /* main.cpp */ = {isa = PBXFileReference; lastKnownFileType = sourcecode.cpp.cpp; path = main.cpp; sourceTree = "<group>"; };
		7C0798222993EE53004E8EC8 /* SDLTest.entitlements */ = {isa = PBXFileReference; lastKnownFileType = text.plist.entitlements; path = SDLTest.entitlements; sourceTree = "<group>"; };
		7C0798242993F1E4004E8EC8 /* CALayer.cpp */ = {isa = PBXFileReference; lastKnownFileType = sourcecode.cpp.cpp; path = CALayer.cpp; sourceTree = "<group>"; };
		7C0798252993F1E4004E8EC8 /* CALayer.hpp */ = {isa = PBXFileReference; lastKnownFileType = sourcecode.cpp.h; path = CALayer.hpp; sourceTree = "<group>"; };
		7C0798282993F25C004E8EC8 /* CGImage.cpp */ = {isa = PBXFileReference; lastKnownFileType = sourcecode.cpp.cpp; path = CGImage.cpp; sourceTree = "<group>"; };
		7C0798292993F25C004E8EC8 /* CGImage.hpp */ = {isa = PBXFileReference; lastKnownFileType = sourcecode.cpp.h; path = CGImage.hpp; sourceTree = "<group>"; };
		7CEB96872993F5DB007483C0 /* Geometry.cpp */ = {isa = PBXFileReference; lastKnownFileType = sourcecode.cpp.cpp; path = Geometry.cpp; sourceTree = "<group>"; };
		7CEB96882993F5DB007483C0 /* Geometry.hpp */ = {isa = PBXFileReference; lastKnownFileType = sourcecode.cpp.h; path = Geometry.hpp; sourceTree = "<group>"; };
		7CEB968B2993F799007483C0 /* UIColor.cpp */ = {isa = PBXFileReference; lastKnownFileType = sourcecode.cpp.cpp; path = UIColor.cpp; sourceTree = "<group>"; };
		7CEB968C2993F799007483C0 /* UIColor.hpp */ = {isa = PBXFileReference; lastKnownFileType = sourcecode.cpp.h; path = UIColor.hpp; sourceTree = "<group>"; };
		7CEB96922994037B007483C0 /* UIApplication.hpp */ = {isa = PBXFileReference; lastKnownFileType = sourcecode.cpp.h; path = UIApplication.hpp; sourceTree = "<group>"; };
		7CEB969329941288007483C0 /* main2.cpp */ = {isa = PBXFileReference; lastKnownFileType = sourcecode.cpp.cpp; path = main2.cpp; sourceTree = "<group>"; };
		7CEB969D29943993007483C0 /* UIApplication.cpp */ = {isa = PBXFileReference; lastKnownFileType = sourcecode.cpp.cpp; path = UIApplication.cpp; sourceTree = "<group>"; };
		7CEB96A1299509C5007483C0 /* Utils.cpp */ = {isa = PBXFileReference; lastKnownFileType = sourcecode.cpp.cpp; path = Utils.cpp; sourceTree = "<group>"; };
		7CEB96A2299509C5007483C0 /* Utils.hpp */ = {isa = PBXFileReference; lastKnownFileType = sourcecode.cpp.h; path = Utils.hpp; sourceTree = "<group>"; };
/* End PBXFileReference section */

/* Begin PBXFrameworksBuildPhase section */
		7C0798152993E916004E8EC8 /* Frameworks */ = {
			isa = PBXFrameworksBuildPhase;
			buildActionMask = 2147483647;
			files = (
			);
			runOnlyForDeploymentPostprocessing = 0;
		};
/* End PBXFrameworksBuildPhase section */

/* Begin PBXGroup section */
		7C07980F2993E916004E8EC8 = {
			isa = PBXGroup;
			children = (
				7C07981A2993E916004E8EC8 /* SDLTest */,
				7C0798192993E916004E8EC8 /* Products */,
			);
			sourceTree = "<group>";
		};
		7C0798192993E916004E8EC8 /* Products */ = {
			isa = PBXGroup;
			children = (
				7C0798182993E916004E8EC8 /* SDLTest */,
			);
			name = Products;
			sourceTree = "<group>";
		};
		7C07981A2993E916004E8EC8 /* SDLTest */ = {
			isa = PBXGroup;
			children = (
				7CEB96A0299509B8007483C0 /* Utils */,
				7CEB969C29943982007483C0 /* UIApplication */,
				7CEB968A2993F78F007483C0 /* UIColor */,
				7CEB96862993F5CB007483C0 /* Geometry */,
				7C0798272993F251004E8EC8 /* CGImage */,
				7C0798232993F1D4004E8EC8 /* CALayer */,
				7C0798222993EE53004E8EC8 /* SDLTest.entitlements */,
				7C07981B2993E916004E8EC8 /* main.cpp */,
				7CEB969329941288007483C0 /* main2.cpp */,
			);
			path = SDLTest;
			sourceTree = "<group>";
		};
		7C0798232993F1D4004E8EC8 /* CALayer */ = {
			isa = PBXGroup;
			children = (
				7C0798252993F1E4004E8EC8 /* CALayer.hpp */,
				7C0798242993F1E4004E8EC8 /* CALayer.cpp */,
			);
			path = CALayer;
			sourceTree = "<group>";
		};
		7C0798272993F251004E8EC8 /* CGImage */ = {
			isa = PBXGroup;
			children = (
				7C0798292993F25C004E8EC8 /* CGImage.hpp */,
				7C0798282993F25C004E8EC8 /* CGImage.cpp */,
			);
			path = CGImage;
			sourceTree = "<group>";
		};
		7CEB96862993F5CB007483C0 /* Geometry */ = {
			isa = PBXGroup;
			children = (
				7CEB96882993F5DB007483C0 /* Geometry.hpp */,
				7CEB96872993F5DB007483C0 /* Geometry.cpp */,
			);
			path = Geometry;
			sourceTree = "<group>";
		};
		7CEB968A2993F78F007483C0 /* UIColor */ = {
			isa = PBXGroup;
			children = (
				7CEB968C2993F799007483C0 /* UIColor.hpp */,
				7CEB968B2993F799007483C0 /* UIColor.cpp */,
			);
			path = UIColor;
			sourceTree = "<group>";
		};
		7CEB969C29943982007483C0 /* UIApplication */ = {
			isa = PBXGroup;
			children = (
				7CEB96922994037B007483C0 /* UIApplication.hpp */,
				7CEB969D29943993007483C0 /* UIApplication.cpp */,
			);
			path = UIApplication;
			sourceTree = "<group>";
		};
		7CEB96A0299509B8007483C0 /* Utils */ = {
			isa = PBXGroup;
			children = (
				7CEB96A2299509C5007483C0 /* Utils.hpp */,
				7CEB96A1299509C5007483C0 /* Utils.cpp */,
			);
			path = Utils;
			sourceTree = "<group>";
		};
/* End PBXGroup section */

/* Begin PBXNativeTarget section */
		7C0798172993E916004E8EC8 /* SDLTest */ = {
			isa = PBXNativeTarget;
			buildConfigurationList = 7C07981F2993E916004E8EC8 /* Build configuration list for PBXNativeTarget "SDLTest" */;
			buildPhases = (
				7C0798142993E916004E8EC8 /* Sources */,
				7C0798152993E916004E8EC8 /* Frameworks */,
				7C0798162993E916004E8EC8 /* CopyFiles */,
			);
			buildRules = (
			);
			dependencies = (
			);
			name = SDLTest;
			productName = SDLTest;
			productReference = 7C0798182993E916004E8EC8 /* SDLTest */;
			productType = "com.apple.product-type.tool";
		};
/* End PBXNativeTarget section */

/* Begin PBXProject section */
		7C0798102993E916004E8EC8 /* Project object */ = {
			isa = PBXProject;
			attributes = {
				BuildIndependentTargetsInParallel = 1;
				LastUpgradeCheck = 1420;
				TargetAttributes = {
					7C0798172993E916004E8EC8 = {
						CreatedOnToolsVersion = 14.2;
					};
				};
			};
			buildConfigurationList = 7C0798132993E916004E8EC8 /* Build configuration list for PBXProject "SDLTest" */;
			compatibilityVersion = "Xcode 14.0";
			developmentRegion = en;
			hasScannedForEncodings = 0;
			knownRegions = (
				en,
				Base,
			);
			mainGroup = 7C07980F2993E916004E8EC8;
			productRefGroup = 7C0798192993E916004E8EC8 /* Products */;
			projectDirPath = "";
			projectRoot = "";
			targets = (
				7C0798172993E916004E8EC8 /* SDLTest */,
			);
		};
/* End PBXProject section */

/* Begin PBXSourcesBuildPhase section */
		7C0798142993E916004E8EC8 /* Sources */ = {
			isa = PBXSourcesBuildPhase;
			buildActionMask = 2147483647;
			files = (
				7CEB968D2993F799007483C0 /* UIColor.cpp in Sources */,
				7CEB96892993F5DB007483C0 /* Geometry.cpp in Sources */,
				7CEB96A3299509C5007483C0 /* Utils.cpp in Sources */,
				7C07982A2993F25C004E8EC8 /* CGImage.cpp in Sources */,
				7CEB969B29941C94007483C0 /* main2.cpp in Sources */,
				7CEB969E29943993007483C0 /* UIApplication.cpp in Sources */,
				7CEB969F29943A95007483C0 /* CALayer.cpp in Sources */,
			);
			runOnlyForDeploymentPostprocessing = 0;
		};
/* End PBXSourcesBuildPhase section */

/* Begin XCBuildConfiguration section */
		7C07981D2993E916004E8EC8 /* Debug */ = {
			isa = XCBuildConfiguration;
			buildSettings = {
				ALWAYS_SEARCH_USER_PATHS = NO;
				CLANG_ANALYZER_NONNULL = YES;
				CLANG_ANALYZER_NUMBER_OBJECT_CONVERSION = YES_AGGRESSIVE;
				CLANG_CXX_LANGUAGE_STANDARD = "gnu++20";
				CLANG_ENABLE_MODULES = YES;
				CLANG_ENABLE_OBJC_ARC = YES;
				CLANG_ENABLE_OBJC_WEAK = YES;
				CLANG_WARN_BLOCK_CAPTURE_AUTORELEASING = YES;
				CLANG_WARN_BOOL_CONVERSION = YES;
				CLANG_WARN_COMMA = YES;
				CLANG_WARN_CONSTANT_CONVERSION = YES;
				CLANG_WARN_DEPRECATED_OBJC_IMPLEMENTATIONS = YES;
				CLANG_WARN_DIRECT_OBJC_ISA_USAGE = YES_ERROR;
				CLANG_WARN_DOCUMENTATION_COMMENTS = YES;
				CLANG_WARN_EMPTY_BODY = YES;
				CLANG_WARN_ENUM_CONVERSION = YES;
				CLANG_WARN_INFINITE_RECURSION = YES;
				CLANG_WARN_INT_CONVERSION = YES;
				CLANG_WARN_NON_LITERAL_NULL_CONVERSION = YES;
				CLANG_WARN_OBJC_IMPLICIT_RETAIN_SELF = YES;
				CLANG_WARN_OBJC_LITERAL_CONVERSION = YES;
				CLANG_WARN_OBJC_ROOT_CLASS = YES_ERROR;
				CLANG_WARN_QUOTED_INCLUDE_IN_FRAMEWORK_HEADER = YES;
				CLANG_WARN_RANGE_LOOP_ANALYSIS = YES;
				CLANG_WARN_STRICT_PROTOTYPES = YES;
				CLANG_WARN_SUSPICIOUS_MOVE = YES;
				CLANG_WARN_UNGUARDED_AVAILABILITY = YES_AGGRESSIVE;
				CLANG_WARN_UNREACHABLE_CODE = YES;
				CLANG_WARN__DUPLICATE_METHOD_MATCH = YES;
				COPY_PHASE_STRIP = NO;
				DEBUG_INFORMATION_FORMAT = dwarf;
				ENABLE_STRICT_OBJC_MSGSEND = YES;
				ENABLE_TESTABILITY = YES;
				GCC_C_LANGUAGE_STANDARD = gnu11;
				GCC_DYNAMIC_NO_PIC = NO;
				GCC_NO_COMMON_BLOCKS = YES;
				GCC_OPTIMIZATION_LEVEL = 0;
				GCC_PREPROCESSOR_DEFINITIONS = (
					"DEBUG=1",
					"$(inherited)",
				);
				GCC_WARN_64_TO_32_BIT_CONVERSION = YES;
				GCC_WARN_ABOUT_RETURN_TYPE = YES_ERROR;
				GCC_WARN_UNDECLARED_SELECTOR = YES;
				GCC_WARN_UNINITIALIZED_AUTOS = YES_AGGRESSIVE;
				GCC_WARN_UNUSED_FUNCTION = YES;
				GCC_WARN_UNUSED_VARIABLE = YES;
				HEADER_SEARCH_PATHS = (
					/opt/homebrew/include,
					SDLTest,
				);
				LIBRARY_SEARCH_PATHS = /opt/homebrew/lib;
				MACOSX_DEPLOYMENT_TARGET = 13.0;
				MTL_ENABLE_DEBUG_INFO = INCLUDE_SOURCE;
				MTL_FAST_MATH = YES;
				ONLY_ACTIVE_ARCH = YES;
				OTHER_LDFLAGS = "-lSDL2";
				SDKROOT = macosx;
			};
			name = Debug;
		};
		7C07981E2993E916004E8EC8 /* Release */ = {
			isa = XCBuildConfiguration;
			buildSettings = {
				ALWAYS_SEARCH_USER_PATHS = NO;
				CLANG_ANALYZER_NONNULL = YES;
				CLANG_ANALYZER_NUMBER_OBJECT_CONVERSION = YES_AGGRESSIVE;
				CLANG_CXX_LANGUAGE_STANDARD = "gnu++20";
				CLANG_ENABLE_MODULES = YES;
				CLANG_ENABLE_OBJC_ARC = YES;
				CLANG_ENABLE_OBJC_WEAK = YES;
				CLANG_WARN_BLOCK_CAPTURE_AUTORELEASING = YES;
				CLANG_WARN_BOOL_CONVERSION = YES;
				CLANG_WARN_COMMA = YES;
				CLANG_WARN_CONSTANT_CONVERSION = YES;
				CLANG_WARN_DEPRECATED_OBJC_IMPLEMENTATIONS = YES;
				CLANG_WARN_DIRECT_OBJC_ISA_USAGE = YES_ERROR;
				CLANG_WARN_DOCUMENTATION_COMMENTS = YES;
				CLANG_WARN_EMPTY_BODY = YES;
				CLANG_WARN_ENUM_CONVERSION = YES;
				CLANG_WARN_INFINITE_RECURSION = YES;
				CLANG_WARN_INT_CONVERSION = YES;
				CLANG_WARN_NON_LITERAL_NULL_CONVERSION = YES;
				CLANG_WARN_OBJC_IMPLICIT_RETAIN_SELF = YES;
				CLANG_WARN_OBJC_LITERAL_CONVERSION = YES;
				CLANG_WARN_OBJC_ROOT_CLASS = YES_ERROR;
				CLANG_WARN_QUOTED_INCLUDE_IN_FRAMEWORK_HEADER = YES;
				CLANG_WARN_RANGE_LOOP_ANALYSIS = YES;
				CLANG_WARN_STRICT_PROTOTYPES = YES;
				CLANG_WARN_SUSPICIOUS_MOVE = YES;
				CLANG_WARN_UNGUARDED_AVAILABILITY = YES_AGGRESSIVE;
				CLANG_WARN_UNREACHABLE_CODE = YES;
				CLANG_WARN__DUPLICATE_METHOD_MATCH = YES;
				COPY_PHASE_STRIP = NO;
				DEBUG_INFORMATION_FORMAT = "dwarf-with-dsym";
				ENABLE_NS_ASSERTIONS = NO;
				ENABLE_STRICT_OBJC_MSGSEND = YES;
				GCC_C_LANGUAGE_STANDARD = gnu11;
				GCC_NO_COMMON_BLOCKS = YES;
				GCC_WARN_64_TO_32_BIT_CONVERSION = YES;
				GCC_WARN_ABOUT_RETURN_TYPE = YES_ERROR;
				GCC_WARN_UNDECLARED_SELECTOR = YES;
				GCC_WARN_UNINITIALIZED_AUTOS = YES_AGGRESSIVE;
				GCC_WARN_UNUSED_FUNCTION = YES;
				GCC_WARN_UNUSED_VARIABLE = YES;
				HEADER_SEARCH_PATHS = (
					/opt/homebrew/include,
					SDLTest,
				);
				LIBRARY_SEARCH_PATHS = /opt/homebrew/lib;
				MACOSX_DEPLOYMENT_TARGET = 13.0;
				MTL_ENABLE_DEBUG_INFO = NO;
				MTL_FAST_MATH = YES;
				OTHER_LDFLAGS = "-lSDL2";
				SDKROOT = macosx;
			};
			name = Release;
		};
		7C0798202993E916004E8EC8 /* Debug */ = {
			isa = XCBuildConfiguration;
			buildSettings = {
				CODE_SIGN_ENTITLEMENTS = SDLTest/SDLTest.entitlements;
				CODE_SIGN_STYLE = Automatic;
				DEVELOPMENT_TEAM = D59DHVRS87;
				ENABLE_HARDENED_RUNTIME = YES;
				PRODUCT_NAME = "$(TARGET_NAME)";
			};
			name = Debug;
		};
		7C0798212993E916004E8EC8 /* Release */ = {
			isa = XCBuildConfiguration;
			buildSettings = {
				CODE_SIGN_ENTITLEMENTS = SDLTest/SDLTest.entitlements;
				CODE_SIGN_STYLE = Automatic;
				DEVELOPMENT_TEAM = D59DHVRS87;
				ENABLE_HARDENED_RUNTIME = YES;
				PRODUCT_NAME = "$(TARGET_NAME)";
			};
			name = Release;
		};
/* End XCBuildConfiguration section */

/* Begin XCConfigurationList section */
		7C0798132993E916004E8EC8 /* Build configuration list for PBXProject "SDLTest" */ = {
			isa = XCConfigurationList;
			buildConfigurations = (
				7C07981D2993E916004E8EC8 /* Debug */,
				7C07981E2993E916004E8EC8 /* Release */,
			);
			defaultConfigurationIsVisible = 0;
			defaultConfigurationName = Release;
		};
		7C07981F2993E916004E8EC8 /* Build configuration list for PBXNativeTarget "SDLTest" */ = {
			isa = XCConfigurationList;
			buildConfigurations = (
				7C0798202993E916004E8EC8 /* Debug */,
				7C0798212993E916004E8EC8 /* Release */,
			);
			defaultConfigurationIsVisible = 0;
			defaultConfigurationName = Release;
		};
/* End XCConfigurationList section */
	};
	rootObject = 7C0798102993E916004E8EC8 /* Project object */;
}
